// !$*UTF8*$!
{
	archiveVersion = 1;
	classes = {
	};
	objectVersion = 51;
	objects = {

/* Begin PBXBuildFile section */
		014F9C75C5CC2C9F589F731B /* StringRef.cpp in Sources */ = {isa = PBXBuildFile; fileRef = FFDFD86B818CCA61A64F49FC /* StringRef.cpp */; };
		01A6CC71C0A327407C665EF2 /* SerialQueue.cpp in Sources */ = {isa = PBXBuildFile; fileRef = 5030BD0953104B3A5A9FDC52 /* SerialQueue.cpp */; };
		027F4ED304CBFB3FF295CC0E /* CMakeLists.txt in Resources */ = {isa = PBXBuildFile; fileRef = 610AC3058921C945A6F11032 /* CMakeLists.txt */; };
		03470290028A8F6EA37CD065 /* SmallPtrSet.cpp in Sources */ = {isa = PBXBuildFile; fileRef = 7F4A0AEC660D2311CD0D8DFA /* SmallPtrSet.cpp */; };
		092694CF80ED4879CF2AD592 /* raw_ostream.cpp in Sources */ = {isa = PBXBuildFile; fileRef = F4493EEA9037EEFDB522D0B1 /* raw_ostream.cpp */; };
		0956E914840BB6E904E01EF8 /* YAMLParser.cpp in Sources */ = {isa = PBXBuildFile; fileRef = F54E0973859ED929A79F8820 /* YAMLParser.cpp */; };
		0AA1D08C630A97CCDD858DF4 /* ConvertUTFWrapper.cpp in Sources */ = {isa = PBXBuildFile; fileRef = DB09D774172FB9D6B3BE7A62 /* ConvertUTFWrapper.cpp */; };
		13F9EE25F722ACCC88B7FECA /* CMakeLists.txt in Resources */ = {isa = PBXBuildFile; fileRef = DD00084E28B85DAC8EB50B7A /* CMakeLists.txt */; };
		14F7AE8070D2D14CF76EA985 /* llbuildCore.framework in Frameworks */ = {isa = PBXBuildFile; fileRef = F0ABEC583B812BED16991377 /* llbuildCore.framework */; };
		15FE31225F5F713B291211E2 /* Options.cpp in Sources */ = {isa = PBXBuildFile; fileRef = 2E3522018F2C036F8587445A /* Options.cpp */; };
		185AA03181F9C6B5BBE1E440 /* llvmSupport.framework in Frameworks */ = {isa = PBXBuildFile; fileRef = 626C9C48F435E17D1297D5A6 /* llvmSupport.framework */; };
		1A199EDC4B967590FE974727 /* BuildFile.cpp in Sources */ = {isa = PBXBuildFile; fileRef = BB43660C0A1F9606E8FF6344 /* BuildFile.cpp */; };
		237834CD54D42B5AEA5675F0 /* Utility.h in Headers */ = {isa = PBXBuildFile; fileRef = 23F9B36EC9F1A0BF41170622 /* Utility.h */; settings = {ATTRIBUTES = (Public, ); }; };
		23B81861520B15AC57E55166 /* MD5.cpp in Sources */ = {isa = PBXBuildFile; fileRef = 2F7D15CFD63E27BE79914BD2 /* MD5.cpp */; };
		27988FBFECFBE1C036235F7B /* BuildNode.cpp in Sources */ = {isa = PBXBuildFile; fileRef = 9F3ED5409A85FEB6A0D562FA /* BuildNode.cpp */; };
		2B5B5BBFBE9A885DD358A616 /* LaneBasedExecutionQueue.cpp in Sources */ = {isa = PBXBuildFile; fileRef = CF4404B7872AF0A3131EB12F /* LaneBasedExecutionQueue.cpp */; };
		2DABFE8DAB1B5BDD831C618C /* BuildValue.cpp in Sources */ = {isa = PBXBuildFile; fileRef = 50E58612639A443565816EF9 /* BuildValue.cpp */; };
		2E42F17AD43356F9E778336B /* Triple.cpp in Sources */ = {isa = PBXBuildFile; fileRef = 6F739EA0E6CECBEB9E5080D1 /* Triple.cpp */; };
		31335C3CE4A42DF124E60722 /* ErrorHandling.cpp in Sources */ = {isa = PBXBuildFile; fileRef = CE878D1CCE95F9740C67E60F /* ErrorHandling.cpp */; };
		3275C74DAA24CB110EAE458F /* ShellUtility.cpp in Sources */ = {isa = PBXBuildFile; fileRef = F405DA860678605541FA5869 /* ShellUtility.cpp */; };
		3438C846922E3C7711166A1E /* BuildSystemExtensionManager.cpp in Sources */ = {isa = PBXBuildFile; fileRef = 15585345E45F9E87E0B6D185 /* BuildSystemExtensionManager.cpp */; };
		3522927C895355831483102B /* PlatformUtility.cpp in Sources */ = {isa = PBXBuildFile; fileRef = CF29876F9E584BAA00F55FDE /* PlatformUtility.cpp */; };
		362543F0E5F1421BDCA78410 /* llvmDemangle.framework in Frameworks */ = {isa = PBXBuildFile; fileRef = FC69A2A007AB0632156DA0B0 /* llvmDemangle.framework */; };
		36397EC106AF8B79BBDCA2A2 /* ExecutionQueue.cpp in Sources */ = {isa = PBXBuildFile; fileRef = 9312036334856753B5679F16 /* ExecutionQueue.cpp */; };
		3B0C47F589114B5E23500B92 /* BuildEngine.cpp in Sources */ = {isa = PBXBuildFile; fileRef = 34A925F2B05C19FF4DDBBCE1 /* BuildEngine.cpp */; };
		3F8CF07BED710A48AAF9053C /* Hashing.cpp in Sources */ = {isa = PBXBuildFile; fileRef = D2910F1D9F37887C10DA6D0C /* Hashing.cpp */; };
		46A60089CBB69E693A1C1C19 /* StringSaver.cpp in Sources */ = {isa = PBXBuildFile; fileRef = 2440BC79EC5672672F29C631 /* StringSaver.cpp */; };
		474095F80F370DB593DA12CF /* CMakeLists.txt in Resources */ = {isa = PBXBuildFile; fileRef = DCB876CFAF81367F988665BF /* CMakeLists.txt */; };
		47EF3B8DD445F36E693FD823 /* StringMap.cpp in Sources */ = {isa = PBXBuildFile; fileRef = 1292CC7D0C12B382037CDD77 /* StringMap.cpp */; };
		48650F0C0F8723FCD8683F9C /* C-API.cpp in Sources */ = {isa = PBXBuildFile; fileRef = BD1BDF5899A2D82C6757A501 /* C-API.cpp */; };
		4998A5A2CCA09DCBC32454AE /* StringExtras.cpp in Sources */ = {isa = PBXBuildFile; fileRef = A38CECD3FC3D9543C1DE4559 /* StringExtras.cpp */; };
		4AC85DFA338523CA2EE2943E /* Signals.cpp in Sources */ = {isa = PBXBuildFile; fileRef = B5829C4DBA4C181DA71A9E09 /* Signals.cpp */; };
		4ADBCAE3D0B53BB88FCC3B18 /* DJB.cpp in Sources */ = {isa = PBXBuildFile; fileRef = F57D7797BE5F9BEB9358D38F /* DJB.cpp */; };
		4D6E022E67450D0C0CFB6DE4 /* APFloat.cpp in Sources */ = {isa = PBXBuildFile; fileRef = 625B81375993A54D26865A83 /* APFloat.cpp */; };
		50BC0CA4C0FC33D284B18AEC /* BuildDescription.cpp in Sources */ = {isa = PBXBuildFile; fileRef = 128392C5376E6EF4BE64A56E /* BuildDescription.cpp */; };
		5121DDCE18C9575BC63D7C9D /* Allocator.cpp in Sources */ = {isa = PBXBuildFile; fileRef = C2596B050C44BE890DF1B925 /* Allocator.cpp */; };
		55DFEE7D50A76C3996A77B35 /* FileUtilities.cpp in Sources */ = {isa = PBXBuildFile; fileRef = C576031713B5E0146C7B8818 /* FileUtilities.cpp */; };
		57B874692C1560FE062C6A14 /* Mutex.cpp in Sources */ = {isa = PBXBuildFile; fileRef = 5E59AFAF033C6BD2A7A4B6B9 /* Mutex.cpp */; };
		5B5C139839BC5F81ABEF02D2 /* BuildSystem.cpp in Sources */ = {isa = PBXBuildFile; fileRef = 1070D24716B01D1BC36CF597 /* BuildSystem.cpp */; };
		6174ADE11193745FDFEBC769 /* BuildEngineTrace.cpp in Sources */ = {isa = PBXBuildFile; fileRef = AB5B9868AE1F117114B21920 /* BuildEngineTrace.cpp */; };
		6461FFBB66E28E693C28FA79 /* Unicode.cpp in Sources */ = {isa = PBXBuildFile; fileRef = 84940EC79255EAF0434AFE96 /* Unicode.cpp */; };
		6698DB66E9EA288442B23C95 /* Host.cpp in Sources */ = {isa = PBXBuildFile; fileRef = 1B45360B112E0D872E2D48A3 /* Host.cpp */; };
		673961B5241E07FC6B38B06D /* LeanWindows.h in Headers */ = {isa = PBXBuildFile; fileRef = E6FD9686AFE54093067BBA82 /* LeanWindows.h */; settings = {ATTRIBUTES = (Public, ); }; };
		67F3B731513DD9ADA55D2D41 /* BuildSystem-C-API.cpp in Sources */ = {isa = PBXBuildFile; fileRef = 4ADC34309F335AB13AEF6DAF /* BuildSystem-C-API.cpp */; };
		6B3C15B18661D20FBBE55CD5 /* FileInfo.cpp in Sources */ = {isa = PBXBuildFile; fileRef = 5840621AE3844A54A96282BC /* FileInfo.cpp */; };
		6E165391230626E7BEEDFC42 /* llvmSupport.framework in Frameworks */ = {isa = PBXBuildFile; fileRef = 626C9C48F435E17D1297D5A6 /* llvmSupport.framework */; };
		6E9F105F502F91FAD737834E /* Subprocess.cpp in Sources */ = {isa = PBXBuildFile; fileRef = 0FAA6970F208E3FBFF82C3A3 /* Subprocess.cpp */; };
		6EE0E345DC21D55EC4880F45 /* SmallVector.cpp in Sources */ = {isa = PBXBuildFile; fileRef = 99CD913BEACF9DB06172FDB9 /* SmallVector.cpp */; };
		6F5FF193527F7130ADEF979C /* llvmDemangle.framework in Frameworks */ = {isa = PBXBuildFile; fileRef = FC69A2A007AB0632156DA0B0 /* llvmDemangle.framework */; };
		74654A39FA3335A5663A3D5C /* CMakeLists.txt in Resources */ = {isa = PBXBuildFile; fileRef = 27F2FBBCFD8928947D5AA766 /* CMakeLists.txt */; };
		7A8C3D528A7C370B20D83E3A /* BuildDB.cpp in Sources */ = {isa = PBXBuildFile; fileRef = 2631B230415DB59218FD7475 /* BuildDB.cpp */; };
		7A9BDDC5C142018706F80049 /* llbuild.h in Headers */ = {isa = PBXBuildFile; fileRef = A71BE986BCC6B20A667C6685 /* llbuild.h */; settings = {ATTRIBUTES = (Public, ); }; };
		7B1008AC48610B9CC9B7C91C /* MemoryBuffer.cpp in Sources */ = {isa = PBXBuildFile; fileRef = E6D6E276EEEB1D67803A94E6 /* MemoryBuffer.cpp */; };
		7B13FC5A86E54CD11666F3CB /* ConvertUTF.cpp in Sources */ = {isa = PBXBuildFile; fileRef = 024D2F2FC8E2B1F128804116 /* ConvertUTF.cpp */; };
		7B1EB1D21615DD3466783365 /* TargetParser.cpp in Sources */ = {isa = PBXBuildFile; fileRef = 8F4DD638C39EE8FA32863162 /* TargetParser.cpp */; };
		7B418844692FDD61992AF740 /* circular_raw_ostream.cpp in Sources */ = {isa = PBXBuildFile; fileRef = B8D01AB413F1DBDC4E05DFAE /* circular_raw_ostream.cpp */; };
		7C6335E403DAB0B5B7D594ED /* Version.cpp in Sources */ = {isa = PBXBuildFile; fileRef = F2E942A4EBB5FA4ED8272645 /* Version.cpp */; };
		7CD29E6F1E8823E1C6E6D52F /* APInt.cpp in Sources */ = {isa = PBXBuildFile; fileRef = F1A768278E8720AE7D4571B2 /* APInt.cpp */; };
		7F71602CF1D02E8425A01EFB /* llvmSupport.framework in Frameworks */ = {isa = PBXBuildFile; fileRef = 626C9C48F435E17D1297D5A6 /* llvmSupport.framework */; };
		814926A49EFB1848AA80D121 /* FileSystem.cpp in Sources */ = {isa = PBXBuildFile; fileRef = 55BC9E666E5A7A1F39BB97B8 /* FileSystem.cpp */; };
		82FF0E316E5910D4E98F8F4C /* Locale.cpp in Sources */ = {isa = PBXBuildFile; fileRef = B0FCB560088062047E28A874 /* Locale.cpp */; };
		83A5BC9799B8C76E295E02EB /* Errno.cpp in Sources */ = {isa = PBXBuildFile; fileRef = 951C4EEDF360288BA760DA70 /* Errno.cpp */; };
		87EA9A56AA5E23AE5FBC7E81 /* SQLiteBuildDB.cpp in Sources */ = {isa = PBXBuildFile; fileRef = AE0B5B760B114E59E8B53884 /* SQLiteBuildDB.cpp */; };
		886953C08E0A07B99B874A6F /* ShellCommand.cpp in Sources */ = {isa = PBXBuildFile; fileRef = ACC2BBB5A7102DB346830EB4 /* ShellCommand.cpp */; };
		8F8435959A590F305F7E363A /* Valgrind.cpp in Sources */ = {isa = PBXBuildFile; fileRef = 9D579AABE2EEB309483CBA54 /* Valgrind.cpp */; };
		90925D32413C43FBCE5D80BF /* llvmDemangle.framework in Frameworks */ = {isa = PBXBuildFile; fileRef = FC69A2A007AB0632156DA0B0 /* llvmDemangle.framework */; };
		93C5B6F60077D25FD94CA65A /* MakefileDepsParser.cpp in Sources */ = {isa = PBXBuildFile; fileRef = BE7E1C75A1C89F278ED80BF2 /* MakefileDepsParser.cpp */; };
		980E9E79B40C8C48436C67C0 /* CommandLine.cpp in Sources */ = {isa = PBXBuildFile; fileRef = 1C76287609769BBE4D4376ED /* CommandLine.cpp */; };
		9BACC1817A2DFA16B16818AC /* NativeFormatting.cpp in Sources */ = {isa = PBXBuildFile; fileRef = 0AF7A4A06248E7A5CD082C85 /* NativeFormatting.cpp */; };
		9BBF212CAAA812322E93A51A /* llbuildCore.framework in Frameworks */ = {isa = PBXBuildFile; fileRef = F0ABEC583B812BED16991377 /* llbuildCore.framework */; };
		9CACC7F2D18FB95EB2E08A36 /* BuildSystemBindings.swift in Sources */ = {isa = PBXBuildFile; fileRef = FA898AED53331C50BEBC9785 /* BuildSystemBindings.swift */; };
		9D9786C44986A8C2514C6726 /* llbuildBasic.framework in Frameworks */ = {isa = PBXBuildFile; fileRef = C1B5038FE8CEFE8D4BEE6E5D /* llbuildBasic.framework */; };
		9EAF76C882C32B5D524A31A6 /* llbuildBuildSystem.framework in Frameworks */ = {isa = PBXBuildFile; fileRef = C1147D999059EBC0E703E32F /* llbuildBuildSystem.framework */; };
		A17CBD3DA6105668CB32E743 /* ExternalCommand.cpp in Sources */ = {isa = PBXBuildFile; fileRef = 477BB57D0EFAF93DBF319846 /* ExternalCommand.cpp */; };
		A21E9BA80E8F40F76ABDEBD6 /* CMakeLists.txt in Resources */ = {isa = PBXBuildFile; fileRef = 1B919D0464C8D3974A903C09 /* CMakeLists.txt */; };
		A3D90EDB95003091235C5A9E /* Hashing.cpp in Sources */ = {isa = PBXBuildFile; fileRef = F7186001E34CE1E75809860A /* Hashing.cpp */; };
		A4AE3E1159D25234C5FA9C6F /* Program.cpp in Sources */ = {isa = PBXBuildFile; fileRef = D32CFA2C97DFF5AE11595364 /* Program.cpp */; };
		A54C4EDE21D8DC2DAAA2E9F2 /* Threading.cpp in Sources */ = {isa = PBXBuildFile; fileRef = 80EAD3E439ABBE97894202DA /* Threading.cpp */; };
		A592177C1A6572478FFD6251 /* SourceMgr.cpp in Sources */ = {isa = PBXBuildFile; fileRef = 77922DC282BBDE63B42470F4 /* SourceMgr.cpp */; };
		A7237DC0E273CC2A53CD26C6 /* CMakeLists.txt in Resources */ = {isa = PBXBuildFile; fileRef = 5E45A26AEE6FA73588AEE01F /* CMakeLists.txt */; };
		A8766F039DD19D004E58FCFD /* llvmDemangle.framework in Frameworks */ = {isa = PBXBuildFile; fileRef = FC69A2A007AB0632156DA0B0 /* llvmDemangle.framework */; };
		AB862F325424E0B3EA99F724 /* StringView.h in Headers */ = {isa = PBXBuildFile; fileRef = E1D14C1A2B17F6F5EDC8F9D1 /* StringView.h */; settings = {ATTRIBUTES = (Public, ); }; };
		AC4B997AB3C9B3710A55905E /* Chrono.cpp in Sources */ = {isa = PBXBuildFile; fileRef = 344166A830391B18678FBEDB /* Chrono.cpp */; };
		ACC9BC449FEF1AEC969A9E44 /* Compiler.h in Headers */ = {isa = PBXBuildFile; fileRef = C22F8491117EB61C659C6512 /* Compiler.h */; settings = {ATTRIBUTES = (Public, ); }; };
		B02E5ADA71BD27B1176C998D /* Path.cpp in Sources */ = {isa = PBXBuildFile; fileRef = 35661D3C367AD68351289376 /* Path.cpp */; };
		B15F895B483BB316233ADFB1 /* LLVMBuild.txt in Resources */ = {isa = PBXBuildFile; fileRef = 8CE12CAC632BCB2BA0D6F387 /* LLVMBuild.txt */; };
		B16F3D9FE88720950FC11C8C /* core.h in Headers */ = {isa = PBXBuildFile; fileRef = CEADDEB1128B4938A3AE7BBF /* core.h */; settings = {ATTRIBUTES = (Public, ); }; };
		B5EE266643318EC8D201D323 /* llvmSupport.framework in Frameworks */ = {isa = PBXBuildFile; fileRef = 626C9C48F435E17D1297D5A6 /* llvmSupport.framework */; };
		BA289EB9BB4B523D1DBC2E8A /* BuildEngineTrace.h in Headers */ = {isa = PBXBuildFile; fileRef = 1FC767570AEC17732DCF4C67 /* BuildEngineTrace.h */; settings = {ATTRIBUTES = (Public, ); }; };
		BBEE58A22F01D531F8E62145 /* llvmSupport.framework in Frameworks */ = {isa = PBXBuildFile; fileRef = 626C9C48F435E17D1297D5A6 /* llvmSupport.framework */; };
		BCF51CDD3A162DD2CFC7ADD6 /* llvmDemangle.framework in Frameworks */ = {isa = PBXBuildFile; fileRef = FC69A2A007AB0632156DA0B0 /* llvmDemangle.framework */; };
		BE07A0B2DA1F7C60511B8FA7 /* Core-C-API.cpp in Sources */ = {isa = PBXBuildFile; fileRef = 4F2FA40110D96EC922849A58 /* Core-C-API.cpp */; };
		BE154782B6BFFF4E9FAB9096 /* Memory.cpp in Sources */ = {isa = PBXBuildFile; fileRef = BF603E941E0259FD7726861D /* Memory.cpp */; };
		C5194A09795CB8FD59604D23 /* llbuildCore.framework in Frameworks */ = {isa = PBXBuildFile; fileRef = F0ABEC583B812BED16991377 /* llbuildCore.framework */; };
		C72131267DC70DFBD31A052B /* UnicodeCaseFold.cpp in Sources */ = {isa = PBXBuildFile; fileRef = F39F702A78B06446DDD5F580 /* UnicodeCaseFold.cpp */; };
		C7340F2C5DC941EA710968C5 /* llvmDemangle.framework in Frameworks */ = {isa = PBXBuildFile; fileRef = FC69A2A007AB0632156DA0B0 /* llvmDemangle.framework */; };
		C7DE3CDCEE2EEDF7B93B84CC /* DependencyInfoParser.cpp in Sources */ = {isa = PBXBuildFile; fileRef = B01A71A51633E15A7C225FC6 /* DependencyInfoParser.cpp */; };
		C849B05C02E0BC6A5DCBF50D /* CMakeLists.txt in Resources */ = {isa = PBXBuildFile; fileRef = F70B78C2668D638064F0A66B /* CMakeLists.txt */; };
		C86EB6F3444273559168057B /* Tracing.cpp in Sources */ = {isa = PBXBuildFile; fileRef = 7AA22F615430D6846C3853B6 /* Tracing.cpp */; };
		C9FE59414A879CA703C5CB00 /* FoldingSet.cpp in Sources */ = {isa = PBXBuildFile; fileRef = 2BCE5103E225D2C30572796B /* FoldingSet.cpp */; };
		D4FED934F63BE197EDEDAEDA /* APSInt.cpp in Sources */ = {isa = PBXBuildFile; fileRef = DC560B63859234FFB2084C46 /* APSInt.cpp */; };
		D88492A35686F7E331807B61 /* Error.cpp in Sources */ = {isa = PBXBuildFile; fileRef = 960D45286CC2FE6DD44736A1 /* Error.cpp */; };
		D9BB47B9481AE2916FC02543 /* CoreBindings.swift in Sources */ = {isa = PBXBuildFile; fileRef = FA2630A0AFB9EC45395CD1EF /* CoreBindings.swift */; };
		D9DDCE2D1A2F9B6FA8793F54 /* Debug.cpp in Sources */ = {isa = PBXBuildFile; fileRef = 000E4839CF6515761BCF22FF /* Debug.cpp */; };
		DA7FEE53148A2EB2B92169B4 /* llbuildBasic.framework in Frameworks */ = {isa = PBXBuildFile; fileRef = C1B5038FE8CEFE8D4BEE6E5D /* llbuildBasic.framework */; };
		DE15F9CBC6EC6C412C7B8706 /* libllbuild.framework in Frameworks */ = {isa = PBXBuildFile; fileRef = 52D680FF33DF341D9919839A /* libllbuild.framework */; };
		E28FBF9AEA952505E0C40432 /* Process.cpp in Sources */ = {isa = PBXBuildFile; fileRef = 64535BC00A4E72F668BC931E /* Process.cpp */; };
		E3BF2A58714952D6CC28A211 /* Twine.cpp in Sources */ = {isa = PBXBuildFile; fileRef = 695651FDAA28971EA7883AFD /* Twine.cpp */; };
		E501140C702F23A87460B46F /* ItaniumDemangle.cpp in Sources */ = {isa = PBXBuildFile; fileRef = 26D47F2422B71D06034D9B56 /* ItaniumDemangle.cpp */; };
		E5F79F2EA68B9485A22AD511 /* Atomic.cpp in Sources */ = {isa = PBXBuildFile; fileRef = 2F298EC219772D203947510F /* Atomic.cpp */; };
		E7B544CE53FA7E0534960262 /* MathExtras.cpp in Sources */ = {isa = PBXBuildFile; fileRef = D5AEF1FF7B1D76BB53F954CD /* MathExtras.cpp */; };
		E8BC7D33603BC919E99EB221 /* llbuildBasic.framework in Frameworks */ = {isa = PBXBuildFile; fileRef = C1B5038FE8CEFE8D4BEE6E5D /* llbuildBasic.framework */; };
		EAA7F6071409DC8ACD28D88C /* ManagedStatic.cpp in Sources */ = {isa = PBXBuildFile; fileRef = 33CF73386F943E068842BAEF /* ManagedStatic.cpp */; };
		EB21481C35D7EB88CEF8463E /* BuildKey.cpp in Sources */ = {isa = PBXBuildFile; fileRef = 3FA2A45CF8E6E644019FEA04 /* BuildKey.cpp */; };
		F17E87572A993EBB77B5DBEE /* llbuildBuildSystem.framework in Frameworks */ = {isa = PBXBuildFile; fileRef = C1147D999059EBC0E703E32F /* llbuildBuildSystem.framework */; };
		F4B024B94549E9EC5CAB2926 /* llbuildBasic.framework in Frameworks */ = {isa = PBXBuildFile; fileRef = C1B5038FE8CEFE8D4BEE6E5D /* llbuildBasic.framework */; };
		F84DA8F209B0476EC365916D /* buildsystem.h in Headers */ = {isa = PBXBuildFile; fileRef = 12212809773EC6330701ED54 /* buildsystem.h */; settings = {ATTRIBUTES = (Public, ); }; };
		FC1240D7F5F712016B1D4B10 /* MicrosoftDemangle.cpp in Sources */ = {isa = PBXBuildFile; fileRef = 69EAA80A3D4B984437B32CC8 /* MicrosoftDemangle.cpp */; };
		FD34790360857EE0560AB8F5 /* BuildSystemFrontend.cpp in Sources */ = {isa = PBXBuildFile; fileRef = 50F7D31EE57DCCEDD602AAED /* BuildSystemFrontend.cpp */; };
		FE4CABEE68D69DD64DE58737 /* FormatVariadic.cpp in Sources */ = {isa = PBXBuildFile; fileRef = 3801707D8622F54C1A0AA194 /* FormatVariadic.cpp */; };
/* End PBXBuildFile section */

/* Begin PBXContainerItemProxy section */
		07639F112CD35E5898D17E72 /* PBXContainerItemProxy */ = {
			isa = PBXContainerItemProxy;
			containerPortal = 9FFAF205360A4B99FA91C9ED /* Project object */;
			proxyType = 1;
			remoteGlobalIDString = E1127248299377144EB585B2;
			remoteInfo = llvmSupport;
		};
		0F0B52DBB9F0F964B637ED35 /* PBXContainerItemProxy */ = {
			isa = PBXContainerItemProxy;
			containerPortal = 9FFAF205360A4B99FA91C9ED /* Project object */;
			proxyType = 1;
			remoteGlobalIDString = C85A6DFC2507FF330F832670;
			remoteInfo = llbuildCore;
		};
		104B9D9DFAE4D89196DE47E2 /* PBXContainerItemProxy */ = {
			isa = PBXContainerItemProxy;
			containerPortal = 9FFAF205360A4B99FA91C9ED /* Project object */;
			proxyType = 1;
			remoteGlobalIDString = 769C09B8592B3E1EC82A64F5;
			remoteInfo = llvmDemangle;
		};
		2A00E80583C8B45AB73DF94B /* PBXContainerItemProxy */ = {
			isa = PBXContainerItemProxy;
			containerPortal = 9FFAF205360A4B99FA91C9ED /* Project object */;
			proxyType = 1;
			remoteGlobalIDString = E8CB8D4BF1CDF6B8920AA0B6;
			remoteInfo = llbuildBasic;
		};
		35896FA1F5306100A61370EA /* PBXContainerItemProxy */ = {
			isa = PBXContainerItemProxy;
			containerPortal = 9FFAF205360A4B99FA91C9ED /* Project object */;
			proxyType = 1;
			remoteGlobalIDString = C85A6DFC2507FF330F832670;
			remoteInfo = llbuildCore;
		};
		46A8AD285D9049F208AB9080 /* PBXContainerItemProxy */ = {
			isa = PBXContainerItemProxy;
			containerPortal = 9FFAF205360A4B99FA91C9ED /* Project object */;
			proxyType = 1;
			remoteGlobalIDString = 769C09B8592B3E1EC82A64F5;
			remoteInfo = llvmDemangle;
		};
		69BEB8ACA0F7B706802CECE3 /* PBXContainerItemProxy */ = {
			isa = PBXContainerItemProxy;
			containerPortal = 9FFAF205360A4B99FA91C9ED /* Project object */;
			proxyType = 1;
			remoteGlobalIDString = E8CB8D4BF1CDF6B8920AA0B6;
			remoteInfo = llbuildBasic;
		};
		6E3B18043F21F35D6B730D5B /* PBXContainerItemProxy */ = {
			isa = PBXContainerItemProxy;
			containerPortal = 9FFAF205360A4B99FA91C9ED /* Project object */;
			proxyType = 1;
			remoteGlobalIDString = E1127248299377144EB585B2;
			remoteInfo = llvmSupport;
		};
		8AD07A532EA5EC7251FB28F8 /* PBXContainerItemProxy */ = {
			isa = PBXContainerItemProxy;
			containerPortal = 9FFAF205360A4B99FA91C9ED /* Project object */;
			proxyType = 1;
			remoteGlobalIDString = 3ABB21DFE0FA158FD613B227;
			remoteInfo = llbuildBuildSystem;
		};
		8C25B8A96DB8CC3FD17CEB8C /* PBXContainerItemProxy */ = {
			isa = PBXContainerItemProxy;
			containerPortal = 9FFAF205360A4B99FA91C9ED /* Project object */;
			proxyType = 1;
			remoteGlobalIDString = C85A6DFC2507FF330F832670;
			remoteInfo = llbuildCore;
		};
		A6035AA99CB3768A0A8AA00E /* PBXContainerItemProxy */ = {
			isa = PBXContainerItemProxy;
			containerPortal = 9FFAF205360A4B99FA91C9ED /* Project object */;
			proxyType = 1;
			remoteGlobalIDString = E1127248299377144EB585B2;
			remoteInfo = llvmSupport;
		};
		B0CB0E076FC89D76A42D8624 /* PBXContainerItemProxy */ = {
			isa = PBXContainerItemProxy;
			containerPortal = 9FFAF205360A4B99FA91C9ED /* Project object */;
			proxyType = 1;
			remoteGlobalIDString = E8CB8D4BF1CDF6B8920AA0B6;
			remoteInfo = llbuildBasic;
		};
		B18AB6780EC95B79C6B8E14C /* PBXContainerItemProxy */ = {
			isa = PBXContainerItemProxy;
			containerPortal = 9FFAF205360A4B99FA91C9ED /* Project object */;
			proxyType = 1;
			remoteGlobalIDString = 769C09B8592B3E1EC82A64F5;
			remoteInfo = llvmDemangle;
		};
		BC046EA006863D5EB4A1732F /* PBXContainerItemProxy */ = {
			isa = PBXContainerItemProxy;
			containerPortal = 9FFAF205360A4B99FA91C9ED /* Project object */;
			proxyType = 1;
			remoteGlobalIDString = 769C09B8592B3E1EC82A64F5;
			remoteInfo = llvmDemangle;
		};
		CB31336515197C1A43B908DF /* PBXContainerItemProxy */ = {
			isa = PBXContainerItemProxy;
			containerPortal = 9FFAF205360A4B99FA91C9ED /* Project object */;
			proxyType = 1;
			remoteGlobalIDString = 769C09B8592B3E1EC82A64F5;
			remoteInfo = llvmDemangle;
		};
		CD39AD101AEF37A1B188CE2D /* PBXContainerItemProxy */ = {
			isa = PBXContainerItemProxy;
			containerPortal = 9FFAF205360A4B99FA91C9ED /* Project object */;
			proxyType = 1;
			remoteGlobalIDString = 769C09B8592B3E1EC82A64F5;
			remoteInfo = llvmDemangle;
		};
		CD47B2001A22413697E29CF8 /* PBXContainerItemProxy */ = {
			isa = PBXContainerItemProxy;
			containerPortal = 9FFAF205360A4B99FA91C9ED /* Project object */;
			proxyType = 1;
			remoteGlobalIDString = E1127248299377144EB585B2;
			remoteInfo = llvmSupport;
		};
		CE4CFE000254BDF6476197F0 /* PBXContainerItemProxy */ = {
			isa = PBXContainerItemProxy;
			containerPortal = 9FFAF205360A4B99FA91C9ED /* Project object */;
			proxyType = 1;
			remoteGlobalIDString = E1127248299377144EB585B2;
			remoteInfo = llvmSupport;
		};
		E73655DCBA3B20821D073933 /* PBXContainerItemProxy */ = {
			isa = PBXContainerItemProxy;
			containerPortal = 9FFAF205360A4B99FA91C9ED /* Project object */;
			proxyType = 1;
			remoteGlobalIDString = 3ABB21DFE0FA158FD613B227;
			remoteInfo = llbuildBuildSystem;
		};
		FA90ABF40BEBC67057C7497F /* PBXContainerItemProxy */ = {
			isa = PBXContainerItemProxy;
			containerPortal = 9FFAF205360A4B99FA91C9ED /* Project object */;
			proxyType = 1;
			remoteGlobalIDString = E8CB8D4BF1CDF6B8920AA0B6;
			remoteInfo = llbuildBasic;
		};
		FB559BF1E05ED2173E48D9D5 /* PBXContainerItemProxy */ = {
			isa = PBXContainerItemProxy;
			containerPortal = 9FFAF205360A4B99FA91C9ED /* Project object */;
			proxyType = 1;
			remoteGlobalIDString = BF840F9F07880B72A072B689;
			remoteInfo = libllbuild;
		};
/* End PBXContainerItemProxy section */

/* Begin PBXFileReference section */
		000E4839CF6515761BCF22FF /* Debug.cpp */ = {isa = PBXFileReference; lastKnownFileType = sourcecode.cpp.cpp; path = Debug.cpp; sourceTree = "<group>"; };
		024D2F2FC8E2B1F128804116 /* ConvertUTF.cpp */ = {isa = PBXFileReference; lastKnownFileType = sourcecode.cpp.cpp; path = ConvertUTF.cpp; sourceTree = "<group>"; };
		0AF7A4A06248E7A5CD082C85 /* NativeFormatting.cpp */ = {isa = PBXFileReference; lastKnownFileType = sourcecode.cpp.cpp; path = NativeFormatting.cpp; sourceTree = "<group>"; };
		0FAA6970F208E3FBFF82C3A3 /* Subprocess.cpp */ = {isa = PBXFileReference; lastKnownFileType = sourcecode.cpp.cpp; path = Subprocess.cpp; sourceTree = "<group>"; };
		1070D24716B01D1BC36CF597 /* BuildSystem.cpp */ = {isa = PBXFileReference; lastKnownFileType = sourcecode.cpp.cpp; path = BuildSystem.cpp; sourceTree = "<group>"; };
		12212809773EC6330701ED54 /* buildsystem.h */ = {isa = PBXFileReference; lastKnownFileType = sourcecode.c.h; path = buildsystem.h; sourceTree = "<group>"; };
		128392C5376E6EF4BE64A56E /* BuildDescription.cpp */ = {isa = PBXFileReference; lastKnownFileType = sourcecode.cpp.cpp; path = BuildDescription.cpp; sourceTree = "<group>"; };
		1292CC7D0C12B382037CDD77 /* StringMap.cpp */ = {isa = PBXFileReference; lastKnownFileType = sourcecode.cpp.cpp; path = StringMap.cpp; sourceTree = "<group>"; };
		15585345E45F9E87E0B6D185 /* BuildSystemExtensionManager.cpp */ = {isa = PBXFileReference; lastKnownFileType = sourcecode.cpp.cpp; path = BuildSystemExtensionManager.cpp; sourceTree = "<group>"; };
		1B45360B112E0D872E2D48A3 /* Host.cpp */ = {isa = PBXFileReference; lastKnownFileType = sourcecode.cpp.cpp; path = Host.cpp; sourceTree = "<group>"; };
		1B919D0464C8D3974A903C09 /* CMakeLists.txt */ = {isa = PBXFileReference; lastKnownFileType = text; path = CMakeLists.txt; sourceTree = "<group>"; };
		1C76287609769BBE4D4376ED /* CommandLine.cpp */ = {isa = PBXFileReference; lastKnownFileType = sourcecode.cpp.cpp; path = CommandLine.cpp; sourceTree = "<group>"; };
		1FC767570AEC17732DCF4C67 /* BuildEngineTrace.h */ = {isa = PBXFileReference; lastKnownFileType = sourcecode.c.h; path = BuildEngineTrace.h; sourceTree = "<group>"; };
		23F9B36EC9F1A0BF41170622 /* Utility.h */ = {isa = PBXFileReference; lastKnownFileType = sourcecode.c.h; path = Utility.h; sourceTree = "<group>"; };
		2440BC79EC5672672F29C631 /* StringSaver.cpp */ = {isa = PBXFileReference; lastKnownFileType = sourcecode.cpp.cpp; path = StringSaver.cpp; sourceTree = "<group>"; };
		2631B230415DB59218FD7475 /* BuildDB.cpp */ = {isa = PBXFileReference; lastKnownFileType = sourcecode.cpp.cpp; path = BuildDB.cpp; sourceTree = "<group>"; };
		26D47F2422B71D06034D9B56 /* ItaniumDemangle.cpp */ = {isa = PBXFileReference; lastKnownFileType = sourcecode.cpp.cpp; path = ItaniumDemangle.cpp; sourceTree = "<group>"; };
		27F2FBBCFD8928947D5AA766 /* CMakeLists.txt */ = {isa = PBXFileReference; lastKnownFileType = text; path = CMakeLists.txt; sourceTree = "<group>"; };
		2BCE5103E225D2C30572796B /* FoldingSet.cpp */ = {isa = PBXFileReference; lastKnownFileType = sourcecode.cpp.cpp; path = FoldingSet.cpp; sourceTree = "<group>"; };
		2E3522018F2C036F8587445A /* Options.cpp */ = {isa = PBXFileReference; lastKnownFileType = sourcecode.cpp.cpp; path = Options.cpp; sourceTree = "<group>"; };
		2F298EC219772D203947510F /* Atomic.cpp */ = {isa = PBXFileReference; lastKnownFileType = sourcecode.cpp.cpp; path = Atomic.cpp; sourceTree = "<group>"; };
		2F7D15CFD63E27BE79914BD2 /* MD5.cpp */ = {isa = PBXFileReference; lastKnownFileType = sourcecode.cpp.cpp; path = MD5.cpp; sourceTree = "<group>"; };
		33CF73386F943E068842BAEF /* ManagedStatic.cpp */ = {isa = PBXFileReference; lastKnownFileType = sourcecode.cpp.cpp; path = ManagedStatic.cpp; sourceTree = "<group>"; };
		344166A830391B18678FBEDB /* Chrono.cpp */ = {isa = PBXFileReference; lastKnownFileType = sourcecode.cpp.cpp; path = Chrono.cpp; sourceTree = "<group>"; };
		34A925F2B05C19FF4DDBBCE1 /* BuildEngine.cpp */ = {isa = PBXFileReference; lastKnownFileType = sourcecode.cpp.cpp; path = BuildEngine.cpp; sourceTree = "<group>"; };
		35661D3C367AD68351289376 /* Path.cpp */ = {isa = PBXFileReference; lastKnownFileType = sourcecode.cpp.cpp; path = Path.cpp; sourceTree = "<group>"; };
		3801707D8622F54C1A0AA194 /* FormatVariadic.cpp */ = {isa = PBXFileReference; lastKnownFileType = sourcecode.cpp.cpp; path = FormatVariadic.cpp; sourceTree = "<group>"; };
		3FA2A45CF8E6E644019FEA04 /* BuildKey.cpp */ = {isa = PBXFileReference; lastKnownFileType = sourcecode.cpp.cpp; path = BuildKey.cpp; sourceTree = "<group>"; };
		477BB57D0EFAF93DBF319846 /* ExternalCommand.cpp */ = {isa = PBXFileReference; lastKnownFileType = sourcecode.cpp.cpp; path = ExternalCommand.cpp; sourceTree = "<group>"; };
		4ADC34309F335AB13AEF6DAF /* BuildSystem-C-API.cpp */ = {isa = PBXFileReference; lastKnownFileType = sourcecode.cpp.cpp; path = "BuildSystem-C-API.cpp"; sourceTree = "<group>"; };
		4F2FA40110D96EC922849A58 /* Core-C-API.cpp */ = {isa = PBXFileReference; lastKnownFileType = sourcecode.cpp.cpp; path = "Core-C-API.cpp"; sourceTree = "<group>"; };
		5030BD0953104B3A5A9FDC52 /* SerialQueue.cpp */ = {isa = PBXFileReference; lastKnownFileType = sourcecode.cpp.cpp; path = SerialQueue.cpp; sourceTree = "<group>"; };
		50E58612639A443565816EF9 /* BuildValue.cpp */ = {isa = PBXFileReference; lastKnownFileType = sourcecode.cpp.cpp; path = BuildValue.cpp; sourceTree = "<group>"; };
		50F7D31EE57DCCEDD602AAED /* BuildSystemFrontend.cpp */ = {isa = PBXFileReference; lastKnownFileType = sourcecode.cpp.cpp; path = BuildSystemFrontend.cpp; sourceTree = "<group>"; };
		52D680FF33DF341D9919839A /* libllbuild.framework */ = {isa = PBXFileReference; explicitFileType = wrapper.framework; includeInIndex = 0; path = libllbuild.framework; sourceTree = BUILT_PRODUCTS_DIR; };
		55BC9E666E5A7A1F39BB97B8 /* FileSystem.cpp */ = {isa = PBXFileReference; lastKnownFileType = sourcecode.cpp.cpp; path = FileSystem.cpp; sourceTree = "<group>"; };
		5840621AE3844A54A96282BC /* FileInfo.cpp */ = {isa = PBXFileReference; lastKnownFileType = sourcecode.cpp.cpp; path = FileInfo.cpp; sourceTree = "<group>"; };
		5E45A26AEE6FA73588AEE01F /* CMakeLists.txt */ = {isa = PBXFileReference; lastKnownFileType = text; path = CMakeLists.txt; sourceTree = "<group>"; };
		5E59AFAF033C6BD2A7A4B6B9 /* Mutex.cpp */ = {isa = PBXFileReference; lastKnownFileType = sourcecode.cpp.cpp; path = Mutex.cpp; sourceTree = "<group>"; };
		610AC3058921C945A6F11032 /* CMakeLists.txt */ = {isa = PBXFileReference; lastKnownFileType = text; path = CMakeLists.txt; sourceTree = "<group>"; };
		625B81375993A54D26865A83 /* APFloat.cpp */ = {isa = PBXFileReference; lastKnownFileType = sourcecode.cpp.cpp; path = APFloat.cpp; sourceTree = "<group>"; };
		626C9C48F435E17D1297D5A6 /* llvmSupport.framework */ = {isa = PBXFileReference; explicitFileType = wrapper.framework; includeInIndex = 0; path = llvmSupport.framework; sourceTree = BUILT_PRODUCTS_DIR; };
		64535BC00A4E72F668BC931E /* Process.cpp */ = {isa = PBXFileReference; lastKnownFileType = sourcecode.cpp.cpp; path = Process.cpp; sourceTree = "<group>"; };
		695651FDAA28971EA7883AFD /* Twine.cpp */ = {isa = PBXFileReference; lastKnownFileType = sourcecode.cpp.cpp; path = Twine.cpp; sourceTree = "<group>"; };
		69EAA80A3D4B984437B32CC8 /* MicrosoftDemangle.cpp */ = {isa = PBXFileReference; lastKnownFileType = sourcecode.cpp.cpp; path = MicrosoftDemangle.cpp; sourceTree = "<group>"; };
		6F739EA0E6CECBEB9E5080D1 /* Triple.cpp */ = {isa = PBXFileReference; lastKnownFileType = sourcecode.cpp.cpp; path = Triple.cpp; sourceTree = "<group>"; };
		77922DC282BBDE63B42470F4 /* SourceMgr.cpp */ = {isa = PBXFileReference; lastKnownFileType = sourcecode.cpp.cpp; path = SourceMgr.cpp; sourceTree = "<group>"; };
		79A16C3784FE2C87BA4217E3 /* llbuildSwift.framework */ = {isa = PBXFileReference; explicitFileType = wrapper.framework; includeInIndex = 0; path = llbuildSwift.framework; sourceTree = BUILT_PRODUCTS_DIR; };
		7AA22F615430D6846C3853B6 /* Tracing.cpp */ = {isa = PBXFileReference; lastKnownFileType = sourcecode.cpp.cpp; path = Tracing.cpp; sourceTree = "<group>"; };
		7F4A0AEC660D2311CD0D8DFA /* SmallPtrSet.cpp */ = {isa = PBXFileReference; lastKnownFileType = sourcecode.cpp.cpp; path = SmallPtrSet.cpp; sourceTree = "<group>"; };
		80EAD3E439ABBE97894202DA /* Threading.cpp */ = {isa = PBXFileReference; lastKnownFileType = sourcecode.cpp.cpp; path = Threading.cpp; sourceTree = "<group>"; };
		84940EC79255EAF0434AFE96 /* Unicode.cpp */ = {isa = PBXFileReference; lastKnownFileType = sourcecode.cpp.cpp; path = Unicode.cpp; sourceTree = "<group>"; };
		8CE12CAC632BCB2BA0D6F387 /* LLVMBuild.txt */ = {isa = PBXFileReference; lastKnownFileType = text; path = LLVMBuild.txt; sourceTree = "<group>"; };
		8F4DD638C39EE8FA32863162 /* TargetParser.cpp */ = {isa = PBXFileReference; lastKnownFileType = sourcecode.cpp.cpp; path = TargetParser.cpp; sourceTree = "<group>"; };
		9312036334856753B5679F16 /* ExecutionQueue.cpp */ = {isa = PBXFileReference; lastKnownFileType = sourcecode.cpp.cpp; path = ExecutionQueue.cpp; sourceTree = "<group>"; };
		951C4EEDF360288BA760DA70 /* Errno.cpp */ = {isa = PBXFileReference; lastKnownFileType = sourcecode.cpp.cpp; path = Errno.cpp; sourceTree = "<group>"; };
		960D45286CC2FE6DD44736A1 /* Error.cpp */ = {isa = PBXFileReference; lastKnownFileType = sourcecode.cpp.cpp; path = Error.cpp; sourceTree = "<group>"; };
		99CD913BEACF9DB06172FDB9 /* SmallVector.cpp */ = {isa = PBXFileReference; lastKnownFileType = sourcecode.cpp.cpp; path = SmallVector.cpp; sourceTree = "<group>"; };
		9D579AABE2EEB309483CBA54 /* Valgrind.cpp */ = {isa = PBXFileReference; lastKnownFileType = sourcecode.cpp.cpp; path = Valgrind.cpp; sourceTree = "<group>"; };
		9F3ED5409A85FEB6A0D562FA /* BuildNode.cpp */ = {isa = PBXFileReference; lastKnownFileType = sourcecode.cpp.cpp; path = BuildNode.cpp; sourceTree = "<group>"; };
		A38CECD3FC3D9543C1DE4559 /* StringExtras.cpp */ = {isa = PBXFileReference; lastKnownFileType = sourcecode.cpp.cpp; path = StringExtras.cpp; sourceTree = "<group>"; };
		A71BE986BCC6B20A667C6685 /* llbuild.h */ = {isa = PBXFileReference; lastKnownFileType = sourcecode.c.h; path = llbuild.h; sourceTree = "<group>"; };
		AB5B9868AE1F117114B21920 /* BuildEngineTrace.cpp */ = {isa = PBXFileReference; lastKnownFileType = sourcecode.cpp.cpp; path = BuildEngineTrace.cpp; sourceTree = "<group>"; };
		ACC2BBB5A7102DB346830EB4 /* ShellCommand.cpp */ = {isa = PBXFileReference; lastKnownFileType = sourcecode.cpp.cpp; path = ShellCommand.cpp; sourceTree = "<group>"; };
		AE0B5B760B114E59E8B53884 /* SQLiteBuildDB.cpp */ = {isa = PBXFileReference; lastKnownFileType = sourcecode.cpp.cpp; path = SQLiteBuildDB.cpp; sourceTree = "<group>"; };
		B01A71A51633E15A7C225FC6 /* DependencyInfoParser.cpp */ = {isa = PBXFileReference; lastKnownFileType = sourcecode.cpp.cpp; path = DependencyInfoParser.cpp; sourceTree = "<group>"; };
		B0FCB560088062047E28A874 /* Locale.cpp */ = {isa = PBXFileReference; lastKnownFileType = sourcecode.cpp.cpp; path = Locale.cpp; sourceTree = "<group>"; };
		B5829C4DBA4C181DA71A9E09 /* Signals.cpp */ = {isa = PBXFileReference; lastKnownFileType = sourcecode.cpp.cpp; path = Signals.cpp; sourceTree = "<group>"; };
		B8D01AB413F1DBDC4E05DFAE /* circular_raw_ostream.cpp */ = {isa = PBXFileReference; lastKnownFileType = sourcecode.cpp.cpp; path = circular_raw_ostream.cpp; sourceTree = "<group>"; };
		BB43660C0A1F9606E8FF6344 /* BuildFile.cpp */ = {isa = PBXFileReference; lastKnownFileType = sourcecode.cpp.cpp; path = BuildFile.cpp; sourceTree = "<group>"; };
		BD1BDF5899A2D82C6757A501 /* C-API.cpp */ = {isa = PBXFileReference; lastKnownFileType = sourcecode.cpp.cpp; path = "C-API.cpp"; sourceTree = "<group>"; };
		BE7E1C75A1C89F278ED80BF2 /* MakefileDepsParser.cpp */ = {isa = PBXFileReference; lastKnownFileType = sourcecode.cpp.cpp; path = MakefileDepsParser.cpp; sourceTree = "<group>"; };
		BF603E941E0259FD7726861D /* Memory.cpp */ = {isa = PBXFileReference; lastKnownFileType = sourcecode.cpp.cpp; path = Memory.cpp; sourceTree = "<group>"; };
		C1147D999059EBC0E703E32F /* llbuildBuildSystem.framework */ = {isa = PBXFileReference; explicitFileType = wrapper.framework; includeInIndex = 0; path = llbuildBuildSystem.framework; sourceTree = BUILT_PRODUCTS_DIR; };
		C1B5038FE8CEFE8D4BEE6E5D /* llbuildBasic.framework */ = {isa = PBXFileReference; explicitFileType = wrapper.framework; includeInIndex = 0; path = llbuildBasic.framework; sourceTree = BUILT_PRODUCTS_DIR; };
		C22F8491117EB61C659C6512 /* Compiler.h */ = {isa = PBXFileReference; lastKnownFileType = sourcecode.c.h; path = Compiler.h; sourceTree = "<group>"; };
		C2596B050C44BE890DF1B925 /* Allocator.cpp */ = {isa = PBXFileReference; lastKnownFileType = sourcecode.cpp.cpp; path = Allocator.cpp; sourceTree = "<group>"; };
		C576031713B5E0146C7B8818 /* FileUtilities.cpp */ = {isa = PBXFileReference; lastKnownFileType = sourcecode.cpp.cpp; path = FileUtilities.cpp; sourceTree = "<group>"; };
		CE878D1CCE95F9740C67E60F /* ErrorHandling.cpp */ = {isa = PBXFileReference; lastKnownFileType = sourcecode.cpp.cpp; path = ErrorHandling.cpp; sourceTree = "<group>"; };
		CEADDEB1128B4938A3AE7BBF /* core.h */ = {isa = PBXFileReference; lastKnownFileType = sourcecode.c.h; path = core.h; sourceTree = "<group>"; };
		CF29876F9E584BAA00F55FDE /* PlatformUtility.cpp */ = {isa = PBXFileReference; lastKnownFileType = sourcecode.cpp.cpp; path = PlatformUtility.cpp; sourceTree = "<group>"; };
		CF4404B7872AF0A3131EB12F /* LaneBasedExecutionQueue.cpp */ = {isa = PBXFileReference; lastKnownFileType = sourcecode.cpp.cpp; path = LaneBasedExecutionQueue.cpp; sourceTree = "<group>"; };
		D2910F1D9F37887C10DA6D0C /* Hashing.cpp */ = {isa = PBXFileReference; lastKnownFileType = sourcecode.cpp.cpp; path = Hashing.cpp; sourceTree = "<group>"; };
		D32CFA2C97DFF5AE11595364 /* Program.cpp */ = {isa = PBXFileReference; lastKnownFileType = sourcecode.cpp.cpp; path = Program.cpp; sourceTree = "<group>"; };
		D5AEF1FF7B1D76BB53F954CD /* MathExtras.cpp */ = {isa = PBXFileReference; lastKnownFileType = sourcecode.cpp.cpp; path = MathExtras.cpp; sourceTree = "<group>"; };
		DB09D774172FB9D6B3BE7A62 /* ConvertUTFWrapper.cpp */ = {isa = PBXFileReference; lastKnownFileType = sourcecode.cpp.cpp; path = ConvertUTFWrapper.cpp; sourceTree = "<group>"; };
		DC560B63859234FFB2084C46 /* APSInt.cpp */ = {isa = PBXFileReference; lastKnownFileType = sourcecode.cpp.cpp; path = APSInt.cpp; sourceTree = "<group>"; };
		DCB876CFAF81367F988665BF /* CMakeLists.txt */ = {isa = PBXFileReference; lastKnownFileType = text; path = CMakeLists.txt; sourceTree = "<group>"; };
		DD00084E28B85DAC8EB50B7A /* CMakeLists.txt */ = {isa = PBXFileReference; lastKnownFileType = text; path = CMakeLists.txt; sourceTree = "<group>"; };
		E1D14C1A2B17F6F5EDC8F9D1 /* StringView.h */ = {isa = PBXFileReference; lastKnownFileType = sourcecode.c.h; path = StringView.h; sourceTree = "<group>"; };
		E6D6E276EEEB1D67803A94E6 /* MemoryBuffer.cpp */ = {isa = PBXFileReference; lastKnownFileType = sourcecode.cpp.cpp; path = MemoryBuffer.cpp; sourceTree = "<group>"; };
		E6FD9686AFE54093067BBA82 /* LeanWindows.h */ = {isa = PBXFileReference; lastKnownFileType = sourcecode.c.h; path = LeanWindows.h; sourceTree = "<group>"; };
		F0ABEC583B812BED16991377 /* llbuildCore.framework */ = {isa = PBXFileReference; explicitFileType = wrapper.framework; includeInIndex = 0; path = llbuildCore.framework; sourceTree = BUILT_PRODUCTS_DIR; };
		F1A768278E8720AE7D4571B2 /* APInt.cpp */ = {isa = PBXFileReference; lastKnownFileType = sourcecode.cpp.cpp; path = APInt.cpp; sourceTree = "<group>"; };
		F2E942A4EBB5FA4ED8272645 /* Version.cpp */ = {isa = PBXFileReference; lastKnownFileType = sourcecode.cpp.cpp; path = Version.cpp; sourceTree = "<group>"; };
		F39F702A78B06446DDD5F580 /* UnicodeCaseFold.cpp */ = {isa = PBXFileReference; lastKnownFileType = sourcecode.cpp.cpp; path = UnicodeCaseFold.cpp; sourceTree = "<group>"; };
		F405DA860678605541FA5869 /* ShellUtility.cpp */ = {isa = PBXFileReference; lastKnownFileType = sourcecode.cpp.cpp; path = ShellUtility.cpp; sourceTree = "<group>"; };
		F4493EEA9037EEFDB522D0B1 /* raw_ostream.cpp */ = {isa = PBXFileReference; lastKnownFileType = sourcecode.cpp.cpp; path = raw_ostream.cpp; sourceTree = "<group>"; };
		F54E0973859ED929A79F8820 /* YAMLParser.cpp */ = {isa = PBXFileReference; lastKnownFileType = sourcecode.cpp.cpp; path = YAMLParser.cpp; sourceTree = "<group>"; };
		F57D7797BE5F9BEB9358D38F /* DJB.cpp */ = {isa = PBXFileReference; lastKnownFileType = sourcecode.cpp.cpp; path = DJB.cpp; sourceTree = "<group>"; };
		F70B78C2668D638064F0A66B /* CMakeLists.txt */ = {isa = PBXFileReference; lastKnownFileType = text; path = CMakeLists.txt; sourceTree = "<group>"; };
		F7186001E34CE1E75809860A /* Hashing.cpp */ = {isa = PBXFileReference; lastKnownFileType = sourcecode.cpp.cpp; path = Hashing.cpp; sourceTree = "<group>"; };
		FA2630A0AFB9EC45395CD1EF /* CoreBindings.swift */ = {isa = PBXFileReference; lastKnownFileType = sourcecode.swift; path = CoreBindings.swift; sourceTree = "<group>"; };
		FA898AED53331C50BEBC9785 /* BuildSystemBindings.swift */ = {isa = PBXFileReference; lastKnownFileType = sourcecode.swift; path = BuildSystemBindings.swift; sourceTree = "<group>"; };
		FC69A2A007AB0632156DA0B0 /* llvmDemangle.framework */ = {isa = PBXFileReference; explicitFileType = wrapper.framework; includeInIndex = 0; path = llvmDemangle.framework; sourceTree = BUILT_PRODUCTS_DIR; };
		FFDFD86B818CCA61A64F49FC /* StringRef.cpp */ = {isa = PBXFileReference; lastKnownFileType = sourcecode.cpp.cpp; path = StringRef.cpp; sourceTree = "<group>"; };
/* End PBXFileReference section */

/* Begin PBXFrameworksBuildPhase section */
		1FDD57AD09F53B7031E289FC /* Frameworks */ = {
			isa = PBXFrameworksBuildPhase;
			buildActionMask = 2147483647;
			files = (
				14F7AE8070D2D14CF76EA985 /* llbuildCore.framework in Frameworks */,
				E8BC7D33603BC919E99EB221 /* llbuildBasic.framework in Frameworks */,
				6E165391230626E7BEEDFC42 /* llvmSupport.framework in Frameworks */,
				90925D32413C43FBCE5D80BF /* llvmDemangle.framework in Frameworks */,
			);
			runOnlyForDeploymentPostprocessing = 0;
		};
		24144659F57AE914B0FEB510 /* Frameworks */ = {
			isa = PBXFrameworksBuildPhase;
			buildActionMask = 2147483647;
			files = (
				6F5FF193527F7130ADEF979C /* llvmDemangle.framework in Frameworks */,
			);
			runOnlyForDeploymentPostprocessing = 0;
		};
		74F60D12DD38980BC51F54C4 /* Frameworks */ = {
			isa = PBXFrameworksBuildPhase;
			buildActionMask = 2147483647;
			files = (
				BBEE58A22F01D531F8E62145 /* llvmSupport.framework in Frameworks */,
				A8766F039DD19D004E58FCFD /* llvmDemangle.framework in Frameworks */,
			);
			runOnlyForDeploymentPostprocessing = 0;
		};
		A9BBC3EDA284AF10AE362875 /* Frameworks */ = {
			isa = PBXFrameworksBuildPhase;
			buildActionMask = 2147483647;
			files = (
				F17E87572A993EBB77B5DBEE /* llbuildBuildSystem.framework in Frameworks */,
				9BBF212CAAA812322E93A51A /* llbuildCore.framework in Frameworks */,
				DA7FEE53148A2EB2B92169B4 /* llbuildBasic.framework in Frameworks */,
				185AA03181F9C6B5BBE1E440 /* llvmSupport.framework in Frameworks */,
				362543F0E5F1421BDCA78410 /* llvmDemangle.framework in Frameworks */,
			);
			runOnlyForDeploymentPostprocessing = 0;
		};
		CB2B530481D60E0ED229DA09 /* Frameworks */ = {
			isa = PBXFrameworksBuildPhase;
			buildActionMask = 2147483647;
			files = (
				DE15F9CBC6EC6C412C7B8706 /* libllbuild.framework in Frameworks */,
				9EAF76C882C32B5D524A31A6 /* llbuildBuildSystem.framework in Frameworks */,
				C5194A09795CB8FD59604D23 /* llbuildCore.framework in Frameworks */,
				9D9786C44986A8C2514C6726 /* llbuildBasic.framework in Frameworks */,
				7F71602CF1D02E8425A01EFB /* llvmSupport.framework in Frameworks */,
				BCF51CDD3A162DD2CFC7ADD6 /* llvmDemangle.framework in Frameworks */,
			);
			runOnlyForDeploymentPostprocessing = 0;
		};
		E26B29555D6E09CBCEED9193 /* Frameworks */ = {
			isa = PBXFrameworksBuildPhase;
			buildActionMask = 2147483647;
			files = (
				F4B024B94549E9EC5CAB2926 /* llbuildBasic.framework in Frameworks */,
				B5EE266643318EC8D201D323 /* llvmSupport.framework in Frameworks */,
				C7340F2C5DC941EA710968C5 /* llvmDemangle.framework in Frameworks */,
			);
			runOnlyForDeploymentPostprocessing = 0;
		};
/* End PBXFrameworksBuildPhase section */

/* Begin PBXGroup section */
		01BE5351DE513E20C2885B00 /* libllbuild */ = {
			isa = PBXGroup;
			children = (
				4ADC34309F335AB13AEF6DAF /* BuildSystem-C-API.cpp */,
				BD1BDF5899A2D82C6757A501 /* C-API.cpp */,
				1B919D0464C8D3974A903C09 /* CMakeLists.txt */,
				4F2FA40110D96EC922849A58 /* Core-C-API.cpp */,
			);
			name = libllbuild;
			path = products/libllbuild;
			sourceTree = "<group>";
		};
		07517332340703DB5AA4C05D /* Support */ = {
			isa = PBXGroup;
			children = (
				C2596B050C44BE890DF1B925 /* Allocator.cpp */,
				625B81375993A54D26865A83 /* APFloat.cpp */,
				F1A768278E8720AE7D4571B2 /* APInt.cpp */,
				DC560B63859234FFB2084C46 /* APSInt.cpp */,
				2F298EC219772D203947510F /* Atomic.cpp */,
				344166A830391B18678FBEDB /* Chrono.cpp */,
				B8D01AB413F1DBDC4E05DFAE /* circular_raw_ostream.cpp */,
				F70B78C2668D638064F0A66B /* CMakeLists.txt */,
				1C76287609769BBE4D4376ED /* CommandLine.cpp */,
				024D2F2FC8E2B1F128804116 /* ConvertUTF.cpp */,
				DB09D774172FB9D6B3BE7A62 /* ConvertUTFWrapper.cpp */,
				000E4839CF6515761BCF22FF /* Debug.cpp */,
				F57D7797BE5F9BEB9358D38F /* DJB.cpp */,
				951C4EEDF360288BA760DA70 /* Errno.cpp */,
				960D45286CC2FE6DD44736A1 /* Error.cpp */,
				CE878D1CCE95F9740C67E60F /* ErrorHandling.cpp */,
				C576031713B5E0146C7B8818 /* FileUtilities.cpp */,
				2BCE5103E225D2C30572796B /* FoldingSet.cpp */,
				3801707D8622F54C1A0AA194 /* FormatVariadic.cpp */,
				F7186001E34CE1E75809860A /* Hashing.cpp */,
				1B45360B112E0D872E2D48A3 /* Host.cpp */,
				B0FCB560088062047E28A874 /* Locale.cpp */,
				33CF73386F943E068842BAEF /* ManagedStatic.cpp */,
				D5AEF1FF7B1D76BB53F954CD /* MathExtras.cpp */,
				2F7D15CFD63E27BE79914BD2 /* MD5.cpp */,
				BF603E941E0259FD7726861D /* Memory.cpp */,
				E6D6E276EEEB1D67803A94E6 /* MemoryBuffer.cpp */,
				5E59AFAF033C6BD2A7A4B6B9 /* Mutex.cpp */,
				0AF7A4A06248E7A5CD082C85 /* NativeFormatting.cpp */,
				2E3522018F2C036F8587445A /* Options.cpp */,
				35661D3C367AD68351289376 /* Path.cpp */,
				64535BC00A4E72F668BC931E /* Process.cpp */,
				D32CFA2C97DFF5AE11595364 /* Program.cpp */,
				F4493EEA9037EEFDB522D0B1 /* raw_ostream.cpp */,
				B5829C4DBA4C181DA71A9E09 /* Signals.cpp */,
				7F4A0AEC660D2311CD0D8DFA /* SmallPtrSet.cpp */,
				99CD913BEACF9DB06172FDB9 /* SmallVector.cpp */,
				77922DC282BBDE63B42470F4 /* SourceMgr.cpp */,
				A38CECD3FC3D9543C1DE4559 /* StringExtras.cpp */,
				1292CC7D0C12B382037CDD77 /* StringMap.cpp */,
				FFDFD86B818CCA61A64F49FC /* StringRef.cpp */,
				2440BC79EC5672672F29C631 /* StringSaver.cpp */,
				8F4DD638C39EE8FA32863162 /* TargetParser.cpp */,
				80EAD3E439ABBE97894202DA /* Threading.cpp */,
				6F739EA0E6CECBEB9E5080D1 /* Triple.cpp */,
				695651FDAA28971EA7883AFD /* Twine.cpp */,
				84940EC79255EAF0434AFE96 /* Unicode.cpp */,
				F39F702A78B06446DDD5F580 /* UnicodeCaseFold.cpp */,
				9D579AABE2EEB309483CBA54 /* Valgrind.cpp */,
				F54E0973859ED929A79F8820 /* YAMLParser.cpp */,
			);
			name = Support;
			path = lib/llvm/Support;
			sourceTree = "<group>";
		};
		0DAED442A61775D1202C8747 /* llbuildSwift */ = {
			isa = PBXGroup;
			children = (
				FA898AED53331C50BEBC9785 /* BuildSystemBindings.swift */,
				27F2FBBCFD8928947D5AA766 /* CMakeLists.txt */,
				FA2630A0AFB9EC45395CD1EF /* CoreBindings.swift */,
			);
			name = llbuildSwift;
			path = products/llbuildSwift;
			sourceTree = "<group>";
		};
		1BD6E8A4B31FB2378ECF1F9D /* Basic */ = {
			isa = PBXGroup;
			children = (
				5E45A26AEE6FA73588AEE01F /* CMakeLists.txt */,
				9312036334856753B5679F16 /* ExecutionQueue.cpp */,
				5840621AE3844A54A96282BC /* FileInfo.cpp */,
				55BC9E666E5A7A1F39BB97B8 /* FileSystem.cpp */,
				D2910F1D9F37887C10DA6D0C /* Hashing.cpp */,
				CF4404B7872AF0A3131EB12F /* LaneBasedExecutionQueue.cpp */,
				E6FD9686AFE54093067BBA82 /* LeanWindows.h */,
				CF29876F9E584BAA00F55FDE /* PlatformUtility.cpp */,
				5030BD0953104B3A5A9FDC52 /* SerialQueue.cpp */,
				F405DA860678605541FA5869 /* ShellUtility.cpp */,
				0FAA6970F208E3FBFF82C3A3 /* Subprocess.cpp */,
				7AA22F615430D6846C3853B6 /* Tracing.cpp */,
				F2E942A4EBB5FA4ED8272645 /* Version.cpp */,
			);
			name = Basic;
			path = lib/Basic;
			sourceTree = "<group>";
		};
		2184ED441F65918601EC63D2 /* Products */ = {
			isa = PBXGroup;
			children = (
				52D680FF33DF341D9919839A /* libllbuild.framework */,
				C1B5038FE8CEFE8D4BEE6E5D /* llbuildBasic.framework */,
				C1147D999059EBC0E703E32F /* llbuildBuildSystem.framework */,
				F0ABEC583B812BED16991377 /* llbuildCore.framework */,
				79A16C3784FE2C87BA4217E3 /* llbuildSwift.framework */,
				FC69A2A007AB0632156DA0B0 /* llvmDemangle.framework */,
				626C9C48F435E17D1297D5A6 /* llvmSupport.framework */,
			);
			name = Products;
			sourceTree = "<group>";
		};
		4B24D4FAFB6B81DDD8CAA635 /* Core */ = {
			isa = PBXGroup;
			children = (
				2631B230415DB59218FD7475 /* BuildDB.cpp */,
				34A925F2B05C19FF4DDBBCE1 /* BuildEngine.cpp */,
				AB5B9868AE1F117114B21920 /* BuildEngineTrace.cpp */,
				1FC767570AEC17732DCF4C67 /* BuildEngineTrace.h */,
				610AC3058921C945A6F11032 /* CMakeLists.txt */,
				B01A71A51633E15A7C225FC6 /* DependencyInfoParser.cpp */,
				BE7E1C75A1C89F278ED80BF2 /* MakefileDepsParser.cpp */,
				AE0B5B760B114E59E8B53884 /* SQLiteBuildDB.cpp */,
			);
			name = Core;
			path = lib/Core;
			sourceTree = "<group>";
		};
		51B27A338D6475C61DB0AFB8 /* Demangle */ = {
			isa = PBXGroup;
			children = (
				DD00084E28B85DAC8EB50B7A /* CMakeLists.txt */,
				C22F8491117EB61C659C6512 /* Compiler.h */,
				26D47F2422B71D06034D9B56 /* ItaniumDemangle.cpp */,
				8CE12CAC632BCB2BA0D6F387 /* LLVMBuild.txt */,
				69EAA80A3D4B984437B32CC8 /* MicrosoftDemangle.cpp */,
				E1D14C1A2B17F6F5EDC8F9D1 /* StringView.h */,
				23F9B36EC9F1A0BF41170622 /* Utility.h */,
			);
			name = Demangle;
			path = lib/llvm/Demangle;
			sourceTree = "<group>";
		};
		973274744438F87A5480098F /* BuildSystem */ = {
			isa = PBXGroup;
			children = (
				128392C5376E6EF4BE64A56E /* BuildDescription.cpp */,
				BB43660C0A1F9606E8FF6344 /* BuildFile.cpp */,
				3FA2A45CF8E6E644019FEA04 /* BuildKey.cpp */,
				9F3ED5409A85FEB6A0D562FA /* BuildNode.cpp */,
				1070D24716B01D1BC36CF597 /* BuildSystem.cpp */,
				15585345E45F9E87E0B6D185 /* BuildSystemExtensionManager.cpp */,
				50F7D31EE57DCCEDD602AAED /* BuildSystemFrontend.cpp */,
				50E58612639A443565816EF9 /* BuildValue.cpp */,
				DCB876CFAF81367F988665BF /* CMakeLists.txt */,
				477BB57D0EFAF93DBF319846 /* ExternalCommand.cpp */,
				ACC2BBB5A7102DB346830EB4 /* ShellCommand.cpp */,
			);
			name = BuildSystem;
			path = lib/BuildSystem;
			sourceTree = "<group>";
		};
		C731DFB4ED1DE072B1A46DF7 = {
			isa = PBXGroup;
			children = (
				1BD6E8A4B31FB2378ECF1F9D /* Basic */,
				973274744438F87A5480098F /* BuildSystem */,
				4B24D4FAFB6B81DDD8CAA635 /* Core */,
				51B27A338D6475C61DB0AFB8 /* Demangle */,
				01BE5351DE513E20C2885B00 /* libllbuild */,
				E716E6E03AD022187EA276DA /* llbuild */,
				0DAED442A61775D1202C8747 /* llbuildSwift */,
				07517332340703DB5AA4C05D /* Support */,
				2184ED441F65918601EC63D2 /* Products */,
			);
			sourceTree = "<group>";
		};
		E716E6E03AD022187EA276DA /* llbuild */ = {
			isa = PBXGroup;
			children = (
				12212809773EC6330701ED54 /* buildsystem.h */,
				CEADDEB1128B4938A3AE7BBF /* core.h */,
				A71BE986BCC6B20A667C6685 /* llbuild.h */,
			);
			name = llbuild;
			path = products/libllbuild/include/llbuild;
			sourceTree = "<group>";
		};
/* End PBXGroup section */

/* Begin PBXHeadersBuildPhase section */
		0E6524B3C9393E8B5DE781EF /* Headers */ = {
			isa = PBXHeadersBuildPhase;
			buildActionMask = 2147483647;
			files = (
				BA289EB9BB4B523D1DBC2E8A /* BuildEngineTrace.h in Headers */,
			);
			runOnlyForDeploymentPostprocessing = 0;
		};
		1849811B86B597E60E89AD18 /* Headers */ = {
			isa = PBXHeadersBuildPhase;
			buildActionMask = 2147483647;
			files = (
				ACC9BC449FEF1AEC969A9E44 /* Compiler.h in Headers */,
				AB862F325424E0B3EA99F724 /* StringView.h in Headers */,
				237834CD54D42B5AEA5675F0 /* Utility.h in Headers */,
			);
			runOnlyForDeploymentPostprocessing = 0;
		};
		1ED3F801FEDD3A929C078EE5 /* Headers */ = {
			isa = PBXHeadersBuildPhase;
			buildActionMask = 2147483647;
			files = (
				F84DA8F209B0476EC365916D /* buildsystem.h in Headers */,
				B16F3D9FE88720950FC11C8C /* core.h in Headers */,
				7A9BDDC5C142018706F80049 /* llbuild.h in Headers */,
			);
			runOnlyForDeploymentPostprocessing = 0;
		};
		D1F3CD0E52B09D1582122222 /* Headers */ = {
			isa = PBXHeadersBuildPhase;
			buildActionMask = 2147483647;
			files = (
				673961B5241E07FC6B38B06D /* LeanWindows.h in Headers */,
			);
			runOnlyForDeploymentPostprocessing = 0;
		};
/* End PBXHeadersBuildPhase section */

/* Begin PBXNativeTarget section */
		3ABB21DFE0FA158FD613B227 /* llbuildBuildSystem */ = {
			isa = PBXNativeTarget;
			buildConfigurationList = CA5C1579B29A182AD5892BAB /* Build configuration list for PBXNativeTarget "llbuildBuildSystem" */;
			buildPhases = (
				B1E2FF04FD312B5655095EA0 /* Sources */,
				A722DDCF042BDEF8CFE38E64 /* Resources */,
				1FDD57AD09F53B7031E289FC /* Frameworks */,
			);
			buildRules = (
			);
			dependencies = (
				AADBD41FA5F40DC7F8EDE22F /* PBXTargetDependency */,
				E4778C7E2F26328A4C45EAFF /* PBXTargetDependency */,
				BE0C2BDF96FF5AABD7D878C9 /* PBXTargetDependency */,
				75EF6812011ECE8604ABDAEB /* PBXTargetDependency */,
			);
			name = llbuildBuildSystem;
			productName = llbuildBuildSystem;
			productReference = C1147D999059EBC0E703E32F /* llbuildBuildSystem.framework */;
			productType = "com.apple.product-type.framework";
		};
		769C09B8592B3E1EC82A64F5 /* llvmDemangle */ = {
			isa = PBXNativeTarget;
			buildConfigurationList = 1CBFD491D86845EECDE04F77 /* Build configuration list for PBXNativeTarget "llvmDemangle" */;
			buildPhases = (
				1849811B86B597E60E89AD18 /* Headers */,
				45935195EED12FA9E265CBEF /* Sources */,
				ECE17AC36A20B1440B0F1D39 /* Resources */,
			);
			buildRules = (
			);
			dependencies = (
			);
			name = llvmDemangle;
			productName = llvmDemangle;
			productReference = FC69A2A007AB0632156DA0B0 /* llvmDemangle.framework */;
			productType = "com.apple.product-type.framework";
		};
		9B57A58C24E4E219734EA23A /* llbuildSwift */ = {
			isa = PBXNativeTarget;
			buildConfigurationList = 39BA8AB00B089B72A5DBBEBE /* Build configuration list for PBXNativeTarget "llbuildSwift" */;
			buildPhases = (
				B5E12A6EF2F1B56694E6054F /* Sources */,
				DC28C8C6C8812FE5F12442B6 /* Resources */,
				CB2B530481D60E0ED229DA09 /* Frameworks */,
			);
			buildRules = (
			);
			dependencies = (
				2BE6D22B8D1C375C04B119A5 /* PBXTargetDependency */,
				6B23EC8174ACEE683000CDDD /* PBXTargetDependency */,
				1710BA633AD8E2A842FB1633 /* PBXTargetDependency */,
				149C5C5469BFB1EEC4BFD936 /* PBXTargetDependency */,
				73FB49C1D316FB3F2089198F /* PBXTargetDependency */,
				FB5DED765813DC2FA2A3A3CA /* PBXTargetDependency */,
			);
			name = llbuildSwift;
			productName = llbuildSwift;
			productReference = 79A16C3784FE2C87BA4217E3 /* llbuildSwift.framework */;
			productType = "com.apple.product-type.framework";
		};
		BF840F9F07880B72A072B689 /* libllbuild */ = {
			isa = PBXNativeTarget;
			buildConfigurationList = C61A311096F853B2C69920F5 /* Build configuration list for PBXNativeTarget "libllbuild" */;
			buildPhases = (
				1ED3F801FEDD3A929C078EE5 /* Headers */,
				03A223BA03A8B9372B77ABCB /* Sources */,
				8E7D145941EF14D1878ECC2D /* Resources */,
				A9BBC3EDA284AF10AE362875 /* Frameworks */,
			);
			buildRules = (
			);
			dependencies = (
				2E87DDB0F2AC54F640EDCB67 /* PBXTargetDependency */,
				E391C0CE9C7044F74C6F3285 /* PBXTargetDependency */,
				26714F8B766F765445959AD3 /* PBXTargetDependency */,
				D8579010DFECCAD7A67001AE /* PBXTargetDependency */,
				304FB50B1741DFD7DCC92E8E /* PBXTargetDependency */,
			);
			name = libllbuild;
			productName = libllbuild;
			productReference = 52D680FF33DF341D9919839A /* libllbuild.framework */;
			productType = "com.apple.product-type.framework";
		};
		C85A6DFC2507FF330F832670 /* llbuildCore */ = {
			isa = PBXNativeTarget;
			buildConfigurationList = 9AC2386553F1DCE4AFFFCDB3 /* Build configuration list for PBXNativeTarget "llbuildCore" */;
			buildPhases = (
				0E6524B3C9393E8B5DE781EF /* Headers */,
				C69FEDF7AB4C3A2D2D6F86B1 /* Sources */,
				EAEE400FA9801239AA016AF4 /* Resources */,
				E26B29555D6E09CBCEED9193 /* Frameworks */,
			);
			buildRules = (
			);
			dependencies = (
				053600F228106DE40A8A5E6E /* PBXTargetDependency */,
				8A4A2CD2CA0C16C8779C6450 /* PBXTargetDependency */,
				692EA1BBE9DD91C90A7539F4 /* PBXTargetDependency */,
			);
			name = llbuildCore;
			productName = llbuildCore;
			productReference = F0ABEC583B812BED16991377 /* llbuildCore.framework */;
			productType = "com.apple.product-type.framework";
		};
		E1127248299377144EB585B2 /* llvmSupport */ = {
			isa = PBXNativeTarget;
			buildConfigurationList = 2A1C4B4DFC4A542ECB9ABC0A /* Build configuration list for PBXNativeTarget "llvmSupport" */;
			buildPhases = (
				F152BD693FBB3D4E7C528CE6 /* Sources */,
				3E7EECA73E7F03FCFFBD9753 /* Resources */,
				24144659F57AE914B0FEB510 /* Frameworks */,
			);
			buildRules = (
			);
			dependencies = (
				348DE0FAEF4A978E122A16C8 /* PBXTargetDependency */,
			);
			name = llvmSupport;
			productName = llvmSupport;
			productReference = 626C9C48F435E17D1297D5A6 /* llvmSupport.framework */;
			productType = "com.apple.product-type.framework";
		};
		E8CB8D4BF1CDF6B8920AA0B6 /* llbuildBasic */ = {
			isa = PBXNativeTarget;
			buildConfigurationList = 0990C161B9EEAFE54A811204 /* Build configuration list for PBXNativeTarget "llbuildBasic" */;
			buildPhases = (
				D1F3CD0E52B09D1582122222 /* Headers */,
				4D8CE9DC657D7E170CC70A70 /* Sources */,
				888FC2B7351741F3E63C88BA /* Resources */,
				74F60D12DD38980BC51F54C4 /* Frameworks */,
			);
			buildRules = (
			);
			dependencies = (
				0416A5F0F5D27C21DFDBA354 /* PBXTargetDependency */,
				CF92D7490F91CF7AC8248443 /* PBXTargetDependency */,
			);
			name = llbuildBasic;
			productName = llbuildBasic;
			productReference = C1B5038FE8CEFE8D4BEE6E5D /* llbuildBasic.framework */;
			productType = "com.apple.product-type.framework";
		};
/* End PBXNativeTarget section */

/* Begin PBXProject section */
		9FFAF205360A4B99FA91C9ED /* Project object */ = {
			isa = PBXProject;
			attributes = {
				LastUpgradeCheck = 1020;
			};
			buildConfigurationList = B636651A087D40B7F7F313D8 /* Build configuration list for PBXProject "XcodeGen" */;
			compatibilityVersion = "Xcode 10.0";
			developmentRegion = en;
			hasScannedForEncodings = 0;
			knownRegions = (
				Base,
				en,
			);
			mainGroup = C731DFB4ED1DE072B1A46DF7;
			projectDirPath = "";
			projectRoot = "";
			targets = (
				BF840F9F07880B72A072B689 /* libllbuild */,
				E8CB8D4BF1CDF6B8920AA0B6 /* llbuildBasic */,
				3ABB21DFE0FA158FD613B227 /* llbuildBuildSystem */,
				C85A6DFC2507FF330F832670 /* llbuildCore */,
				9B57A58C24E4E219734EA23A /* llbuildSwift */,
				769C09B8592B3E1EC82A64F5 /* llvmDemangle */,
				E1127248299377144EB585B2 /* llvmSupport */,
			);
		};
/* End PBXProject section */

/* Begin PBXResourcesBuildPhase section */
		3E7EECA73E7F03FCFFBD9753 /* Resources */ = {
			isa = PBXResourcesBuildPhase;
			buildActionMask = 2147483647;
			files = (
				C849B05C02E0BC6A5DCBF50D /* CMakeLists.txt in Resources */,
			);
			runOnlyForDeploymentPostprocessing = 0;
		};
		888FC2B7351741F3E63C88BA /* Resources */ = {
			isa = PBXResourcesBuildPhase;
			buildActionMask = 2147483647;
			files = (
				A7237DC0E273CC2A53CD26C6 /* CMakeLists.txt in Resources */,
			);
			runOnlyForDeploymentPostprocessing = 0;
		};
		8E7D145941EF14D1878ECC2D /* Resources */ = {
			isa = PBXResourcesBuildPhase;
			buildActionMask = 2147483647;
			files = (
				A21E9BA80E8F40F76ABDEBD6 /* CMakeLists.txt in Resources */,
			);
			runOnlyForDeploymentPostprocessing = 0;
		};
		A722DDCF042BDEF8CFE38E64 /* Resources */ = {
			isa = PBXResourcesBuildPhase;
			buildActionMask = 2147483647;
			files = (
				474095F80F370DB593DA12CF /* CMakeLists.txt in Resources */,
			);
			runOnlyForDeploymentPostprocessing = 0;
		};
		DC28C8C6C8812FE5F12442B6 /* Resources */ = {
			isa = PBXResourcesBuildPhase;
			buildActionMask = 2147483647;
			files = (
				74654A39FA3335A5663A3D5C /* CMakeLists.txt in Resources */,
			);
			runOnlyForDeploymentPostprocessing = 0;
		};
		EAEE400FA9801239AA016AF4 /* Resources */ = {
			isa = PBXResourcesBuildPhase;
			buildActionMask = 2147483647;
			files = (
				027F4ED304CBFB3FF295CC0E /* CMakeLists.txt in Resources */,
			);
			runOnlyForDeploymentPostprocessing = 0;
		};
		ECE17AC36A20B1440B0F1D39 /* Resources */ = {
			isa = PBXResourcesBuildPhase;
			buildActionMask = 2147483647;
			files = (
				13F9EE25F722ACCC88B7FECA /* CMakeLists.txt in Resources */,
				B15F895B483BB316233ADFB1 /* LLVMBuild.txt in Resources */,
			);
			runOnlyForDeploymentPostprocessing = 0;
		};
/* End PBXResourcesBuildPhase section */

/* Begin PBXSourcesBuildPhase section */
		03A223BA03A8B9372B77ABCB /* Sources */ = {
			isa = PBXSourcesBuildPhase;
			buildActionMask = 2147483647;
			files = (
				67F3B731513DD9ADA55D2D41 /* BuildSystem-C-API.cpp in Sources */,
				48650F0C0F8723FCD8683F9C /* C-API.cpp in Sources */,
				BE07A0B2DA1F7C60511B8FA7 /* Core-C-API.cpp in Sources */,
			);
			runOnlyForDeploymentPostprocessing = 0;
		};
		45935195EED12FA9E265CBEF /* Sources */ = {
			isa = PBXSourcesBuildPhase;
			buildActionMask = 2147483647;
			files = (
				E501140C702F23A87460B46F /* ItaniumDemangle.cpp in Sources */,
				FC1240D7F5F712016B1D4B10 /* MicrosoftDemangle.cpp in Sources */,
			);
			runOnlyForDeploymentPostprocessing = 0;
		};
		4D8CE9DC657D7E170CC70A70 /* Sources */ = {
			isa = PBXSourcesBuildPhase;
			buildActionMask = 2147483647;
			files = (
				36397EC106AF8B79BBDCA2A2 /* ExecutionQueue.cpp in Sources */,
				6B3C15B18661D20FBBE55CD5 /* FileInfo.cpp in Sources */,
				814926A49EFB1848AA80D121 /* FileSystem.cpp in Sources */,
				3F8CF07BED710A48AAF9053C /* Hashing.cpp in Sources */,
				2B5B5BBFBE9A885DD358A616 /* LaneBasedExecutionQueue.cpp in Sources */,
				3522927C895355831483102B /* PlatformUtility.cpp in Sources */,
				01A6CC71C0A327407C665EF2 /* SerialQueue.cpp in Sources */,
				3275C74DAA24CB110EAE458F /* ShellUtility.cpp in Sources */,
				6E9F105F502F91FAD737834E /* Subprocess.cpp in Sources */,
				C86EB6F3444273559168057B /* Tracing.cpp in Sources */,
				7C6335E403DAB0B5B7D594ED /* Version.cpp in Sources */,
			);
			runOnlyForDeploymentPostprocessing = 0;
		};
		B1E2FF04FD312B5655095EA0 /* Sources */ = {
			isa = PBXSourcesBuildPhase;
			buildActionMask = 2147483647;
			files = (
				50BC0CA4C0FC33D284B18AEC /* BuildDescription.cpp in Sources */,
				1A199EDC4B967590FE974727 /* BuildFile.cpp in Sources */,
				EB21481C35D7EB88CEF8463E /* BuildKey.cpp in Sources */,
				27988FBFECFBE1C036235F7B /* BuildNode.cpp in Sources */,
				5B5C139839BC5F81ABEF02D2 /* BuildSystem.cpp in Sources */,
				3438C846922E3C7711166A1E /* BuildSystemExtensionManager.cpp in Sources */,
				FD34790360857EE0560AB8F5 /* BuildSystemFrontend.cpp in Sources */,
				2DABFE8DAB1B5BDD831C618C /* BuildValue.cpp in Sources */,
				A17CBD3DA6105668CB32E743 /* ExternalCommand.cpp in Sources */,
				886953C08E0A07B99B874A6F /* ShellCommand.cpp in Sources */,
			);
			runOnlyForDeploymentPostprocessing = 0;
		};
		B5E12A6EF2F1B56694E6054F /* Sources */ = {
			isa = PBXSourcesBuildPhase;
			buildActionMask = 2147483647;
			files = (
				9CACC7F2D18FB95EB2E08A36 /* BuildSystemBindings.swift in Sources */,
				D9BB47B9481AE2916FC02543 /* CoreBindings.swift in Sources */,
			);
			runOnlyForDeploymentPostprocessing = 0;
		};
		C69FEDF7AB4C3A2D2D6F86B1 /* Sources */ = {
			isa = PBXSourcesBuildPhase;
			buildActionMask = 2147483647;
			files = (
				7A8C3D528A7C370B20D83E3A /* BuildDB.cpp in Sources */,
				3B0C47F589114B5E23500B92 /* BuildEngine.cpp in Sources */,
				6174ADE11193745FDFEBC769 /* BuildEngineTrace.cpp in Sources */,
				C7DE3CDCEE2EEDF7B93B84CC /* DependencyInfoParser.cpp in Sources */,
				93C5B6F60077D25FD94CA65A /* MakefileDepsParser.cpp in Sources */,
				87EA9A56AA5E23AE5FBC7E81 /* SQLiteBuildDB.cpp in Sources */,
			);
			runOnlyForDeploymentPostprocessing = 0;
		};
		F152BD693FBB3D4E7C528CE6 /* Sources */ = {
			isa = PBXSourcesBuildPhase;
			buildActionMask = 2147483647;
			files = (
				4D6E022E67450D0C0CFB6DE4 /* APFloat.cpp in Sources */,
				7CD29E6F1E8823E1C6E6D52F /* APInt.cpp in Sources */,
				D4FED934F63BE197EDEDAEDA /* APSInt.cpp in Sources */,
				5121DDCE18C9575BC63D7C9D /* Allocator.cpp in Sources */,
				E5F79F2EA68B9485A22AD511 /* Atomic.cpp in Sources */,
				AC4B997AB3C9B3710A55905E /* Chrono.cpp in Sources */,
				980E9E79B40C8C48436C67C0 /* CommandLine.cpp in Sources */,
				7B13FC5A86E54CD11666F3CB /* ConvertUTF.cpp in Sources */,
				0AA1D08C630A97CCDD858DF4 /* ConvertUTFWrapper.cpp in Sources */,
				4ADBCAE3D0B53BB88FCC3B18 /* DJB.cpp in Sources */,
				D9DDCE2D1A2F9B6FA8793F54 /* Debug.cpp in Sources */,
				83A5BC9799B8C76E295E02EB /* Errno.cpp in Sources */,
				D88492A35686F7E331807B61 /* Error.cpp in Sources */,
				31335C3CE4A42DF124E60722 /* ErrorHandling.cpp in Sources */,
				55DFEE7D50A76C3996A77B35 /* FileUtilities.cpp in Sources */,
				C9FE59414A879CA703C5CB00 /* FoldingSet.cpp in Sources */,
				FE4CABEE68D69DD64DE58737 /* FormatVariadic.cpp in Sources */,
				A3D90EDB95003091235C5A9E /* Hashing.cpp in Sources */,
				6698DB66E9EA288442B23C95 /* Host.cpp in Sources */,
				82FF0E316E5910D4E98F8F4C /* Locale.cpp in Sources */,
				23B81861520B15AC57E55166 /* MD5.cpp in Sources */,
				EAA7F6071409DC8ACD28D88C /* ManagedStatic.cpp in Sources */,
				E7B544CE53FA7E0534960262 /* MathExtras.cpp in Sources */,
				BE154782B6BFFF4E9FAB9096 /* Memory.cpp in Sources */,
				7B1008AC48610B9CC9B7C91C /* MemoryBuffer.cpp in Sources */,
				57B874692C1560FE062C6A14 /* Mutex.cpp in Sources */,
				9BACC1817A2DFA16B16818AC /* NativeFormatting.cpp in Sources */,
				15FE31225F5F713B291211E2 /* Options.cpp in Sources */,
				B02E5ADA71BD27B1176C998D /* Path.cpp in Sources */,
				E28FBF9AEA952505E0C40432 /* Process.cpp in Sources */,
				A4AE3E1159D25234C5FA9C6F /* Program.cpp in Sources */,
				4AC85DFA338523CA2EE2943E /* Signals.cpp in Sources */,
				03470290028A8F6EA37CD065 /* SmallPtrSet.cpp in Sources */,
				6EE0E345DC21D55EC4880F45 /* SmallVector.cpp in Sources */,
				A592177C1A6572478FFD6251 /* SourceMgr.cpp in Sources */,
				4998A5A2CCA09DCBC32454AE /* StringExtras.cpp in Sources */,
				47EF3B8DD445F36E693FD823 /* StringMap.cpp in Sources */,
				014F9C75C5CC2C9F589F731B /* StringRef.cpp in Sources */,
				46A60089CBB69E693A1C1C19 /* StringSaver.cpp in Sources */,
				7B1EB1D21615DD3466783365 /* TargetParser.cpp in Sources */,
				A54C4EDE21D8DC2DAAA2E9F2 /* Threading.cpp in Sources */,
				2E42F17AD43356F9E778336B /* Triple.cpp in Sources */,
				E3BF2A58714952D6CC28A211 /* Twine.cpp in Sources */,
				6461FFBB66E28E693C28FA79 /* Unicode.cpp in Sources */,
				C72131267DC70DFBD31A052B /* UnicodeCaseFold.cpp in Sources */,
				8F8435959A590F305F7E363A /* Valgrind.cpp in Sources */,
				0956E914840BB6E904E01EF8 /* YAMLParser.cpp in Sources */,
				7B418844692FDD61992AF740 /* circular_raw_ostream.cpp in Sources */,
				092694CF80ED4879CF2AD592 /* raw_ostream.cpp in Sources */,
			);
			runOnlyForDeploymentPostprocessing = 0;
		};
/* End PBXSourcesBuildPhase section */

/* Begin PBXTargetDependency section */
		0416A5F0F5D27C21DFDBA354 /* PBXTargetDependency */ = {
			isa = PBXTargetDependency;
			target = E1127248299377144EB585B2 /* llvmSupport */;
			targetProxy = CE4CFE000254BDF6476197F0 /* PBXContainerItemProxy */;
		};
		053600F228106DE40A8A5E6E /* PBXTargetDependency */ = {
			isa = PBXTargetDependency;
			target = E8CB8D4BF1CDF6B8920AA0B6 /* llbuildBasic */;
			targetProxy = 69BEB8ACA0F7B706802CECE3 /* PBXContainerItemProxy */;
		};
		149C5C5469BFB1EEC4BFD936 /* PBXTargetDependency */ = {
			isa = PBXTargetDependency;
			target = E8CB8D4BF1CDF6B8920AA0B6 /* llbuildBasic */;
			targetProxy = B0CB0E076FC89D76A42D8624 /* PBXContainerItemProxy */;
		};
		1710BA633AD8E2A842FB1633 /* PBXTargetDependency */ = {
			isa = PBXTargetDependency;
			target = C85A6DFC2507FF330F832670 /* llbuildCore */;
			targetProxy = 35896FA1F5306100A61370EA /* PBXContainerItemProxy */;
		};
		26714F8B766F765445959AD3 /* PBXTargetDependency */ = {
			isa = PBXTargetDependency;
			target = E8CB8D4BF1CDF6B8920AA0B6 /* llbuildBasic */;
			targetProxy = 2A00E80583C8B45AB73DF94B /* PBXContainerItemProxy */;
		};
		2BE6D22B8D1C375C04B119A5 /* PBXTargetDependency */ = {
			isa = PBXTargetDependency;
			target = BF840F9F07880B72A072B689 /* libllbuild */;
			targetProxy = FB559BF1E05ED2173E48D9D5 /* PBXContainerItemProxy */;
		};
		2E87DDB0F2AC54F640EDCB67 /* PBXTargetDependency */ = {
			isa = PBXTargetDependency;
			target = 3ABB21DFE0FA158FD613B227 /* llbuildBuildSystem */;
			targetProxy = 8AD07A532EA5EC7251FB28F8 /* PBXContainerItemProxy */;
		};
		304FB50B1741DFD7DCC92E8E /* PBXTargetDependency */ = {
			isa = PBXTargetDependency;
			target = 769C09B8592B3E1EC82A64F5 /* llvmDemangle */;
			targetProxy = CB31336515197C1A43B908DF /* PBXContainerItemProxy */;
		};
		348DE0FAEF4A978E122A16C8 /* PBXTargetDependency */ = {
			isa = PBXTargetDependency;
			target = 769C09B8592B3E1EC82A64F5 /* llvmDemangle */;
			targetProxy = 104B9D9DFAE4D89196DE47E2 /* PBXContainerItemProxy */;
		};
		692EA1BBE9DD91C90A7539F4 /* PBXTargetDependency */ = {
			isa = PBXTargetDependency;
			target = 769C09B8592B3E1EC82A64F5 /* llvmDemangle */;
			targetProxy = 46A8AD285D9049F208AB9080 /* PBXContainerItemProxy */;
		};
		6B23EC8174ACEE683000CDDD /* PBXTargetDependency */ = {
			isa = PBXTargetDependency;
			target = 3ABB21DFE0FA158FD613B227 /* llbuildBuildSystem */;
			targetProxy = E73655DCBA3B20821D073933 /* PBXContainerItemProxy */;
		};
		73FB49C1D316FB3F2089198F /* PBXTargetDependency */ = {
			isa = PBXTargetDependency;
			target = E1127248299377144EB585B2 /* llvmSupport */;
			targetProxy = CD47B2001A22413697E29CF8 /* PBXContainerItemProxy */;
		};
		75EF6812011ECE8604ABDAEB /* PBXTargetDependency */ = {
			isa = PBXTargetDependency;
			target = 769C09B8592B3E1EC82A64F5 /* llvmDemangle */;
			targetProxy = BC046EA006863D5EB4A1732F /* PBXContainerItemProxy */;
		};
		8A4A2CD2CA0C16C8779C6450 /* PBXTargetDependency */ = {
			isa = PBXTargetDependency;
			target = E1127248299377144EB585B2 /* llvmSupport */;
			targetProxy = 6E3B18043F21F35D6B730D5B /* PBXContainerItemProxy */;
		};
		AADBD41FA5F40DC7F8EDE22F /* PBXTargetDependency */ = {
			isa = PBXTargetDependency;
			target = C85A6DFC2507FF330F832670 /* llbuildCore */;
			targetProxy = 8C25B8A96DB8CC3FD17CEB8C /* PBXContainerItemProxy */;
		};
		BE0C2BDF96FF5AABD7D878C9 /* PBXTargetDependency */ = {
			isa = PBXTargetDependency;
			target = E1127248299377144EB585B2 /* llvmSupport */;
			targetProxy = A6035AA99CB3768A0A8AA00E /* PBXContainerItemProxy */;
		};
		CF92D7490F91CF7AC8248443 /* PBXTargetDependency */ = {
			isa = PBXTargetDependency;
			target = 769C09B8592B3E1EC82A64F5 /* llvmDemangle */;
			targetProxy = CD39AD101AEF37A1B188CE2D /* PBXContainerItemProxy */;
		};
		D8579010DFECCAD7A67001AE /* PBXTargetDependency */ = {
			isa = PBXTargetDependency;
			target = E1127248299377144EB585B2 /* llvmSupport */;
			targetProxy = 07639F112CD35E5898D17E72 /* PBXContainerItemProxy */;
		};
		E391C0CE9C7044F74C6F3285 /* PBXTargetDependency */ = {
			isa = PBXTargetDependency;
			target = C85A6DFC2507FF330F832670 /* llbuildCore */;
			targetProxy = 0F0B52DBB9F0F964B637ED35 /* PBXContainerItemProxy */;
		};
		E4778C7E2F26328A4C45EAFF /* PBXTargetDependency */ = {
			isa = PBXTargetDependency;
			target = E8CB8D4BF1CDF6B8920AA0B6 /* llbuildBasic */;
			targetProxy = FA90ABF40BEBC67057C7497F /* PBXContainerItemProxy */;
		};
		FB5DED765813DC2FA2A3A3CA /* PBXTargetDependency */ = {
			isa = PBXTargetDependency;
			target = 769C09B8592B3E1EC82A64F5 /* llvmDemangle */;
			targetProxy = B18AB6780EC95B79C6B8E14C /* PBXContainerItemProxy */;
		};
/* End PBXTargetDependency section */

/* Begin XCBuildConfiguration section */
		1ED556B032E440347ABEA628 /* Debug */ = {
			isa = XCBuildConfiguration;
			buildSettings = {
				CLANG_CXX_LANGUAGE_STANDARD = "c++14";
				CODE_SIGN_IDENTITY = "";
				COMBINE_HIDPI_IMAGES = YES;
				CURRENT_PROJECT_VERSION = 1;
				DEFINES_MODULE = YES;
				DYLIB_COMPATIBILITY_VERSION = 1;
				DYLIB_CURRENT_VERSION = 1;
				DYLIB_INSTALL_NAME_BASE = "@rpath";
				HEADER_SEARCH_PATHS = (
					"$(SRCROOT)/lib/llvm/Support/include",
					"$(SRCROOT)/lib/llvm/Demangle/include",
				);
				INSTALL_PATH = "$(LOCAL_LIBRARY_DIR)/Frameworks";
				LD_RUNPATH_SEARCH_PATHS = (
					"$(inherited)",
					"@executable_path/../Frameworks",
				);
				OTHER_LDFLAGS = (
					"-lncurses",
				);
				SDKROOT = macosx;
				SKIP_INSTALL = YES;
				VERSIONING_SYSTEM = "apple-generic";
			};
			name = Debug;
		};
		23956C6EB8F3D6653336C34E /* Release */ = {
			isa = XCBuildConfiguration;
			buildSettings = {
				CODE_SIGN_IDENTITY = "";
				COMBINE_HIDPI_IMAGES = YES;
				CURRENT_PROJECT_VERSION = 1;
				DEFINES_MODULE = YES;
				DYLIB_COMPATIBILITY_VERSION = 1;
				DYLIB_CURRENT_VERSION = 1;
				DYLIB_INSTALL_NAME_BASE = "@rpath";
				HEADER_SEARCH_PATHS = (
					"$(SRCROOT)/products/libllbuild/include",
					"$(SRCROOT)/lib/BuildSystem/include",
					"$(SRCROOT)/lib/Core/include",
					"$(SRCROOT)/lib/Basic/include",
					"$(SRCROOT)/lib/llvm/Support/include",
					"$(SRCROOT)/lib/llvm/Demangle/include",
				);
				INSTALL_PATH = "$(LOCAL_LIBRARY_DIR)/Frameworks";
				LD_RUNPATH_SEARCH_PATHS = (
					"$(inherited)",
					"@executable_path/../Frameworks",
				);
				SDKROOT = macosx;
				SKIP_INSTALL = YES;
				VERSIONING_SYSTEM = "apple-generic";
			};
			name = Release;
		};
		3AC872103A9A0597A50E6924 /* Debug */ = {
			isa = XCBuildConfiguration;
			buildSettings = {
				CLANG_CXX_LANGUAGE_STANDARD = "c++14";
				CODE_SIGN_IDENTITY = "";
				COMBINE_HIDPI_IMAGES = YES;
				CURRENT_PROJECT_VERSION = 1;
				DEFINES_MODULE = YES;
				DYLIB_COMPATIBILITY_VERSION = 1;
				DYLIB_CURRENT_VERSION = 1;
				DYLIB_INSTALL_NAME_BASE = "@rpath";
				HEADER_SEARCH_PATHS = (
					"$(SRCROOT)/lib/Core/include",
					"$(SRCROOT)/lib/Basic/include",
					"$(SRCROOT)/lib/llvm/Support/include",
					"$(SRCROOT)/lib/llvm/Demangle/include",
				);
				INSTALL_PATH = "$(LOCAL_LIBRARY_DIR)/Frameworks";
				LD_RUNPATH_SEARCH_PATHS = (
					"$(inherited)",
					"@executable_path/../Frameworks",
				);
				OTHER_LDFLAGS = (
					"-lsqlite3",
				);
				SDKROOT = macosx;
				SKIP_INSTALL = YES;
				VERSIONING_SYSTEM = "apple-generic";
			};
			name = Debug;
		};
		480AB40F9196809C9E6EDDD6 /* Release */ = {
			isa = XCBuildConfiguration;
			buildSettings = {
				CLANG_CXX_LANGUAGE_STANDARD = "c++14";
				CODE_SIGN_IDENTITY = "";
				COMBINE_HIDPI_IMAGES = YES;
				CURRENT_PROJECT_VERSION = 1;
				DEFINES_MODULE = YES;
				DYLIB_COMPATIBILITY_VERSION = 1;
				DYLIB_CURRENT_VERSION = 1;
				DYLIB_INSTALL_NAME_BASE = "@rpath";
				HEADER_SEARCH_PATHS = (
					"$(SRCROOT)/lib/BuildSystem/include",
					"$(SRCROOT)/lib/Core/include",
					"$(SRCROOT)/lib/Basic/include",
					"$(SRCROOT)/lib/llvm/Support/include",
					"$(SRCROOT)/lib/llvm/Demangle/include",
				);
				INSTALL_PATH = "$(LOCAL_LIBRARY_DIR)/Frameworks";
				LD_RUNPATH_SEARCH_PATHS = (
					"$(inherited)",
					"@executable_path/../Frameworks",
				);
				SDKROOT = macosx;
				SKIP_INSTALL = YES;
				VERSIONING_SYSTEM = "apple-generic";
			};
			name = Release;
		};
		4C6FF376AFCAC79813777BEA /* Release */ = {
			isa = XCBuildConfiguration;
			buildSettings = {
				CLANG_CXX_LANGUAGE_STANDARD = "c++14";
				CODE_SIGN_IDENTITY = "";
				COMBINE_HIDPI_IMAGES = YES;
				CURRENT_PROJECT_VERSION = 1;
				DEFINES_MODULE = YES;
				DYLIB_COMPATIBILITY_VERSION = 1;
				DYLIB_CURRENT_VERSION = 1;
				DYLIB_INSTALL_NAME_BASE = "@rpath";
				HEADER_SEARCH_PATHS = (
					"$(SRCROOT)/lib/Core/include",
					"$(SRCROOT)/lib/Basic/include",
					"$(SRCROOT)/lib/llvm/Support/include",
					"$(SRCROOT)/lib/llvm/Demangle/include",
				);
				INSTALL_PATH = "$(LOCAL_LIBRARY_DIR)/Frameworks";
				LD_RUNPATH_SEARCH_PATHS = (
					"$(inherited)",
					"@executable_path/../Frameworks",
				);
				OTHER_LDFLAGS = (
					"-lsqlite3",
				);
				SDKROOT = macosx;
				SKIP_INSTALL = YES;
				VERSIONING_SYSTEM = "apple-generic";
			};
			name = Release;
		};
		674156F52FCFCBCB90035495 /* Debug */ = {
			isa = XCBuildConfiguration;
			buildSettings = {
				CLANG_CXX_LANGUAGE_STANDARD = "c++14";
				CODE_SIGN_IDENTITY = "";
				COMBINE_HIDPI_IMAGES = YES;
				CURRENT_PROJECT_VERSION = 1;
				DEFINES_MODULE = YES;
				DYLIB_COMPATIBILITY_VERSION = 1;
				DYLIB_CURRENT_VERSION = 1;
				DYLIB_INSTALL_NAME_BASE = "@rpath";
				HEADER_SEARCH_PATHS = (
					"$(SRCROOT)/lib/BuildSystem/include",
					"$(SRCROOT)/lib/Core/include",
					"$(SRCROOT)/lib/Basic/include",
					"$(SRCROOT)/lib/llvm/Support/include",
					"$(SRCROOT)/lib/llvm/Demangle/include",
				);
				INSTALL_PATH = "$(LOCAL_LIBRARY_DIR)/Frameworks";
				LD_RUNPATH_SEARCH_PATHS = (
					"$(inherited)",
					"@executable_path/../Frameworks",
				);
				SDKROOT = macosx;
				SKIP_INSTALL = YES;
				VERSIONING_SYSTEM = "apple-generic";
			};
			name = Debug;
		};
		6EC8EBC7F28939F264010AC8 /* Debug */ = {
			isa = XCBuildConfiguration;
			buildSettings = {
				CLANG_CXX_LANGUAGE_STANDARD = "c++14";
				CODE_SIGN_IDENTITY = "";
				COMBINE_HIDPI_IMAGES = YES;
				CURRENT_PROJECT_VERSION = 1;
				DEFINES_MODULE = YES;
				DYLIB_COMPATIBILITY_VERSION = 1;
				DYLIB_CURRENT_VERSION = 1;
				DYLIB_INSTALL_NAME_BASE = "@rpath";
				HEADER_SEARCH_PATHS = (
					"$(SRCROOT)/lib/Basic/include",
					"$(SRCROOT)/lib/llvm/Support/include",
					"$(SRCROOT)/lib/llvm/Demangle/include",
				);
				INSTALL_PATH = "$(LOCAL_LIBRARY_DIR)/Frameworks";
				LD_RUNPATH_SEARCH_PATHS = (
					"$(inherited)",
					"@executable_path/../Frameworks",
				);
				SDKROOT = macosx;
				SKIP_INSTALL = YES;
				VERSIONING_SYSTEM = "apple-generic";
			};
			name = Debug;
		};
		8E1E7FF84071A150531084D6 /* Release */ = {
			isa = XCBuildConfiguration;
			buildSettings = {
				CLANG_CXX_LANGUAGE_STANDARD = "c++14";
				CODE_SIGN_IDENTITY = "";
				COMBINE_HIDPI_IMAGES = YES;
				CURRENT_PROJECT_VERSION = 1;
				DEFINES_MODULE = YES;
				DYLIB_COMPATIBILITY_VERSION = 1;
				DYLIB_CURRENT_VERSION = 1;
				DYLIB_INSTALL_NAME_BASE = "@rpath";
				HEADER_SEARCH_PATHS = (
					"$(SRCROOT)/lib/Basic/include",
					"$(SRCROOT)/lib/llvm/Support/include",
					"$(SRCROOT)/lib/llvm/Demangle/include",
				);
				INSTALL_PATH = "$(LOCAL_LIBRARY_DIR)/Frameworks";
				LD_RUNPATH_SEARCH_PATHS = (
					"$(inherited)",
					"@executable_path/../Frameworks",
				);
				SDKROOT = macosx;
				SKIP_INSTALL = YES;
				VERSIONING_SYSTEM = "apple-generic";
			};
			name = Release;
		};
		9D640958055BA843704C4137 /* Release */ = {
			isa = XCBuildConfiguration;
			buildSettings = {
				CLANG_CXX_LANGUAGE_STANDARD = "c++14";
				CODE_SIGN_IDENTITY = "";
				COMBINE_HIDPI_IMAGES = YES;
				CURRENT_PROJECT_VERSION = 1;
				DEFINES_MODULE = YES;
				DYLIB_COMPATIBILITY_VERSION = 1;
				DYLIB_CURRENT_VERSION = 1;
				DYLIB_INSTALL_NAME_BASE = "@rpath";
				HEADER_SEARCH_PATHS = (
					"$(SRCROOT)/products/libllbuild/include",
					"$(SRCROOT)/lib/BuildSystem/include",
					"$(SRCROOT)/lib/Core/include",
					"$(SRCROOT)/lib/Basic/include",
					"$(SRCROOT)/lib/llvm/Support/include",
					"$(SRCROOT)/lib/llvm/Demangle/include",
				);
				INSTALL_PATH = "$(LOCAL_LIBRARY_DIR)/Frameworks";
				LD_RUNPATH_SEARCH_PATHS = (
					"$(inherited)",
					"@executable_path/../Frameworks",
				);
				SDKROOT = macosx;
				SKIP_INSTALL = YES;
				VERSIONING_SYSTEM = "apple-generic";
			};
			name = Release;
		};
		A519C7AF69775EC7CFB66BD4 /* Debug */ = {
			isa = XCBuildConfiguration;
			buildSettings = {
				CODE_SIGN_IDENTITY = "";
				COMBINE_HIDPI_IMAGES = YES;
				CURRENT_PROJECT_VERSION = 1;
				DEFINES_MODULE = YES;
				DYLIB_COMPATIBILITY_VERSION = 1;
				DYLIB_CURRENT_VERSION = 1;
				DYLIB_INSTALL_NAME_BASE = "@rpath";
				HEADER_SEARCH_PATHS = (
					"$(SRCROOT)/products/libllbuild/include",
					"$(SRCROOT)/lib/BuildSystem/include",
					"$(SRCROOT)/lib/Core/include",
					"$(SRCROOT)/lib/Basic/include",
					"$(SRCROOT)/lib/llvm/Support/include",
					"$(SRCROOT)/lib/llvm/Demangle/include",
				);
				INSTALL_PATH = "$(LOCAL_LIBRARY_DIR)/Frameworks";
				LD_RUNPATH_SEARCH_PATHS = (
					"$(inherited)",
					"@executable_path/../Frameworks",
				);
				SDKROOT = macosx;
				SKIP_INSTALL = YES;
				VERSIONING_SYSTEM = "apple-generic";
			};
			name = Debug;
		};
		A8F219DF0D17E4E9C31C091D /* Debug */ = {
			isa = XCBuildConfiguration;
			buildSettings = {
				ALWAYS_SEARCH_USER_PATHS = NO;
				CLANG_ANALYZER_NONNULL = YES;
				CLANG_ANALYZER_NUMBER_OBJECT_CONVERSION = YES_AGGRESSIVE;
				CLANG_CXX_LANGUAGE_STANDARD = "gnu++14";
				CLANG_CXX_LIBRARY = "libc++";
				CLANG_ENABLE_MODULES = YES;
				CLANG_ENABLE_OBJC_ARC = YES;
				CLANG_WARN_BLOCK_CAPTURE_AUTORELEASING = YES;
				CLANG_WARN_BOOL_CONVERSION = YES;
				CLANG_WARN_COMMA = YES;
				CLANG_WARN_CONSTANT_CONVERSION = YES;
				CLANG_WARN_DEPRECATED_OBJC_IMPLEMENTATIONS = YES;
				CLANG_WARN_DIRECT_OBJC_ISA_USAGE = YES_ERROR;
				CLANG_WARN_DOCUMENTATION_COMMENTS = YES;
				CLANG_WARN_EMPTY_BODY = YES;
				CLANG_WARN_ENUM_CONVERSION = YES;
				CLANG_WARN_INFINITE_RECURSION = YES;
				CLANG_WARN_INT_CONVERSION = YES;
				CLANG_WARN_NON_LITERAL_NULL_CONVERSION = YES;
				CLANG_WARN_OBJC_IMPLICIT_RETAIN_SELF = YES;
				CLANG_WARN_OBJC_LITERAL_CONVERSION = YES;
				CLANG_WARN_OBJC_ROOT_CLASS = YES_ERROR;
				CLANG_WARN_RANGE_LOOP_ANALYSIS = YES;
				CLANG_WARN_STRICT_PROTOTYPES = YES;
				CLANG_WARN_SUSPICIOUS_MOVE = YES;
				CLANG_WARN_UNGUARDED_AVAILABILITY = YES_AGGRESSIVE;
				CLANG_WARN_UNREACHABLE_CODE = YES;
				CLANG_WARN__DUPLICATE_METHOD_MATCH = YES;
				COPY_PHASE_STRIP = NO;
				DEBUG_INFORMATION_FORMAT = dwarf;
				ENABLE_STRICT_OBJC_MSGSEND = YES;
				ENABLE_TESTABILITY = YES;
				GCC_C_LANGUAGE_STANDARD = gnu11;
				GCC_DYNAMIC_NO_PIC = NO;
				GCC_NO_COMMON_BLOCKS = YES;
				GCC_OPTIMIZATION_LEVEL = 0;
				GCC_PREPROCESSOR_DEFINITIONS = (
					"$(inherited)",
					"DEBUG=1",
				);
				GCC_WARN_64_TO_32_BIT_CONVERSION = YES;
				GCC_WARN_ABOUT_RETURN_TYPE = YES_ERROR;
				GCC_WARN_UNDECLARED_SELECTOR = YES;
				GCC_WARN_UNINITIALIZED_AUTOS = YES_AGGRESSIVE;
				GCC_WARN_UNUSED_FUNCTION = YES;
				GCC_WARN_UNUSED_VARIABLE = YES;
				MTL_ENABLE_DEBUG_INFO = YES;
				ONLY_ACTIVE_ARCH = YES;
				PRODUCT_NAME = "$(TARGET_NAME)";
				SDKROOT = macosx;
				SWIFT_ACTIVE_COMPILATION_CONDITIONS = DEBUG;
				SWIFT_OPTIMIZATION_LEVEL = "-Onone";
				SWIFT_VERSION = 5.0;
			};
			name = Debug;
		};
		AF1625D944BE3293953AB435 /* Debug */ = {
			isa = XCBuildConfiguration;
			buildSettings = {
				CLANG_CXX_LANGUAGE_STANDARD = "c++14";
				CODE_SIGN_IDENTITY = "";
				COMBINE_HIDPI_IMAGES = YES;
				CURRENT_PROJECT_VERSION = 1;
				DEFINES_MODULE = YES;
				DYLIB_COMPATIBILITY_VERSION = 1;
				DYLIB_CURRENT_VERSION = 1;
				DYLIB_INSTALL_NAME_BASE = "@rpath";
				HEADER_SEARCH_PATHS = (
					"$(SRCROOT)/products/libllbuild/include",
					"$(SRCROOT)/lib/BuildSystem/include",
					"$(SRCROOT)/lib/Core/include",
					"$(SRCROOT)/lib/Basic/include",
					"$(SRCROOT)/lib/llvm/Support/include",
					"$(SRCROOT)/lib/llvm/Demangle/include",
				);
				INSTALL_PATH = "$(LOCAL_LIBRARY_DIR)/Frameworks";
				LD_RUNPATH_SEARCH_PATHS = (
					"$(inherited)",
					"@executable_path/../Frameworks",
				);
				SDKROOT = macosx;
				SKIP_INSTALL = YES;
				VERSIONING_SYSTEM = "apple-generic";
			};
			name = Debug;
		};
		B3479A895974CE94E5B1DDAE /* Release */ = {
			isa = XCBuildConfiguration;
			buildSettings = {
				ALWAYS_SEARCH_USER_PATHS = NO;
				CLANG_ANALYZER_NONNULL = YES;
				CLANG_ANALYZER_NUMBER_OBJECT_CONVERSION = YES_AGGRESSIVE;
				CLANG_CXX_LANGUAGE_STANDARD = "gnu++14";
				CLANG_CXX_LIBRARY = "libc++";
				CLANG_ENABLE_MODULES = YES;
				CLANG_ENABLE_OBJC_ARC = YES;
				CLANG_WARN_BLOCK_CAPTURE_AUTORELEASING = YES;
				CLANG_WARN_BOOL_CONVERSION = YES;
				CLANG_WARN_COMMA = YES;
				CLANG_WARN_CONSTANT_CONVERSION = YES;
				CLANG_WARN_DEPRECATED_OBJC_IMPLEMENTATIONS = YES;
				CLANG_WARN_DIRECT_OBJC_ISA_USAGE = YES_ERROR;
				CLANG_WARN_DOCUMENTATION_COMMENTS = YES;
				CLANG_WARN_EMPTY_BODY = YES;
				CLANG_WARN_ENUM_CONVERSION = YES;
				CLANG_WARN_INFINITE_RECURSION = YES;
				CLANG_WARN_INT_CONVERSION = YES;
				CLANG_WARN_NON_LITERAL_NULL_CONVERSION = YES;
				CLANG_WARN_OBJC_IMPLICIT_RETAIN_SELF = YES;
				CLANG_WARN_OBJC_LITERAL_CONVERSION = YES;
				CLANG_WARN_OBJC_ROOT_CLASS = YES_ERROR;
				CLANG_WARN_RANGE_LOOP_ANALYSIS = YES;
				CLANG_WARN_STRICT_PROTOTYPES = YES;
				CLANG_WARN_SUSPICIOUS_MOVE = YES;
				CLANG_WARN_UNGUARDED_AVAILABILITY = YES_AGGRESSIVE;
				CLANG_WARN_UNREACHABLE_CODE = YES;
				CLANG_WARN__DUPLICATE_METHOD_MATCH = YES;
				COPY_PHASE_STRIP = NO;
				DEBUG_INFORMATION_FORMAT = "dwarf-with-dsym";
				ENABLE_NS_ASSERTIONS = NO;
				ENABLE_STRICT_OBJC_MSGSEND = YES;
				GCC_C_LANGUAGE_STANDARD = gnu11;
				GCC_NO_COMMON_BLOCKS = YES;
				GCC_WARN_64_TO_32_BIT_CONVERSION = YES;
				GCC_WARN_ABOUT_RETURN_TYPE = YES_ERROR;
				GCC_WARN_UNDECLARED_SELECTOR = YES;
				GCC_WARN_UNINITIALIZED_AUTOS = YES_AGGRESSIVE;
				GCC_WARN_UNUSED_FUNCTION = YES;
				GCC_WARN_UNUSED_VARIABLE = YES;
				PRODUCT_NAME = "$(TARGET_NAME)";
				SDKROOT = macosx;
				SWIFT_COMPILATION_MODE = wholemodule;
				SWIFT_VERSION = 5.0;
				VALIDATE_PRODUCT = YES;
			};
			name = Release;
		};
		CA7F50548BE3E90CD0454C83 /* Release */ = {
			isa = XCBuildConfiguration;
			buildSettings = {
				CLANG_CXX_LANGUAGE_STANDARD = "c++14";
				CODE_SIGN_IDENTITY = "";
				COMBINE_HIDPI_IMAGES = YES;
				CURRENT_PROJECT_VERSION = 1;
				DEFINES_MODULE = YES;
				DYLIB_COMPATIBILITY_VERSION = 1;
				DYLIB_CURRENT_VERSION = 1;
				DYLIB_INSTALL_NAME_BASE = "@rpath";
				HEADER_SEARCH_PATHS = (
					"$(SRCROOT)/lib/llvm/Support/include",
					"$(SRCROOT)/lib/llvm/Demangle/include",
				);
				INSTALL_PATH = "$(LOCAL_LIBRARY_DIR)/Frameworks";
				LD_RUNPATH_SEARCH_PATHS = (
					"$(inherited)",
					"@executable_path/../Frameworks",
				);
				OTHER_LDFLAGS = (
					"-lncurses",
				);
				SDKROOT = macosx;
				SKIP_INSTALL = YES;
				VERSIONING_SYSTEM = "apple-generic";
			};
			name = Release;
		};
		E85EEF69433E8FD189308392 /* Release */ = {
			isa = XCBuildConfiguration;
			buildSettings = {
				CLANG_CXX_LANGUAGE_STANDARD = "c++14";
				CODE_SIGN_IDENTITY = "";
				COMBINE_HIDPI_IMAGES = YES;
				CURRENT_PROJECT_VERSION = 1;
				DEFINES_MODULE = YES;
				DYLIB_COMPATIBILITY_VERSION = 1;
				DYLIB_CURRENT_VERSION = 1;
				DYLIB_INSTALL_NAME_BASE = "@rpath";
				HEADER_SEARCH_PATHS = (
					"$(SRCROOT)/lib/llvm/Demangle/include",
				);
				INSTALL_PATH = "$(LOCAL_LIBRARY_DIR)/Frameworks";
				LD_RUNPATH_SEARCH_PATHS = (
					"$(inherited)",
					"@executable_path/../Frameworks",
				);
				SDKROOT = macosx;
				SKIP_INSTALL = YES;
				VERSIONING_SYSTEM = "apple-generic";
			};
			name = Release;
		};
		F1F86602D23E4BD6BD92DBA6 /* Debug */ = {
			isa = XCBuildConfiguration;
			buildSettings = {
				CLANG_CXX_LANGUAGE_STANDARD = "c++14";
				CODE_SIGN_IDENTITY = "";
				COMBINE_HIDPI_IMAGES = YES;
				CURRENT_PROJECT_VERSION = 1;
				DEFINES_MODULE = YES;
				DYLIB_COMPATIBILITY_VERSION = 1;
				DYLIB_CURRENT_VERSION = 1;
				DYLIB_INSTALL_NAME_BASE = "@rpath";
				HEADER_SEARCH_PATHS = (
					"$(SRCROOT)/lib/llvm/Demangle/include",
				);
				INSTALL_PATH = "$(LOCAL_LIBRARY_DIR)/Frameworks";
				LD_RUNPATH_SEARCH_PATHS = (
					"$(inherited)",
					"@executable_path/../Frameworks",
				);
				SDKROOT = macosx;
				SKIP_INSTALL = YES;
				VERSIONING_SYSTEM = "apple-generic";
			};
			name = Debug;
		};
/* End XCBuildConfiguration section */

/* Begin XCConfigurationList section */
		0990C161B9EEAFE54A811204 /* Build configuration list for PBXNativeTarget "llbuildBasic" */ = {
			isa = XCConfigurationList;
			buildConfigurations = (
				6EC8EBC7F28939F264010AC8 /* Debug */,
				8E1E7FF84071A150531084D6 /* Release */,
			);
			defaultConfigurationIsVisible = 0;
			defaultConfigurationName = "";
		};
		1CBFD491D86845EECDE04F77 /* Build configuration list for PBXNativeTarget "llvmDemangle" */ = {
			isa = XCConfigurationList;
			buildConfigurations = (
				F1F86602D23E4BD6BD92DBA6 /* Debug */,
				E85EEF69433E8FD189308392 /* Release */,
			);
			defaultConfigurationIsVisible = 0;
			defaultConfigurationName = "";
		};
		2A1C4B4DFC4A542ECB9ABC0A /* Build configuration list for PBXNativeTarget "llvmSupport" */ = {
			isa = XCConfigurationList;
			buildConfigurations = (
				1ED556B032E440347ABEA628 /* Debug */,
				CA7F50548BE3E90CD0454C83 /* Release */,
			);
			defaultConfigurationIsVisible = 0;
			defaultConfigurationName = "";
		};
		39BA8AB00B089B72A5DBBEBE /* Build configuration list for PBXNativeTarget "llbuildSwift" */ = {
			isa = XCConfigurationList;
			buildConfigurations = (
				A519C7AF69775EC7CFB66BD4 /* Debug */,
				23956C6EB8F3D6653336C34E /* Release */,
			);
			defaultConfigurationIsVisible = 0;
			defaultConfigurationName = "";
		};
		9AC2386553F1DCE4AFFFCDB3 /* Build configuration list for PBXNativeTarget "llbuildCore" */ = {
			isa = XCConfigurationList;
			buildConfigurations = (
				3AC872103A9A0597A50E6924 /* Debug */,
				4C6FF376AFCAC79813777BEA /* Release */,
			);
			defaultConfigurationIsVisible = 0;
			defaultConfigurationName = "";
		};
		B636651A087D40B7F7F313D8 /* Build configuration list for PBXProject "XcodeGen" */ = {
			isa = XCConfigurationList;
			buildConfigurations = (
				A8F219DF0D17E4E9C31C091D /* Debug */,
				B3479A895974CE94E5B1DDAE /* Release */,
			);
			defaultConfigurationIsVisible = 0;
			defaultConfigurationName = Debug;
		};
		C61A311096F853B2C69920F5 /* Build configuration list for PBXNativeTarget "libllbuild" */ = {
			isa = XCConfigurationList;
			buildConfigurations = (
				AF1625D944BE3293953AB435 /* Debug */,
				9D640958055BA843704C4137 /* Release */,
			);
			defaultConfigurationIsVisible = 0;
			defaultConfigurationName = "";
		};
		CA5C1579B29A182AD5892BAB /* Build configuration list for PBXNativeTarget "llbuildBuildSystem" */ = {
			isa = XCConfigurationList;
			buildConfigurations = (
				674156F52FCFCBCB90035495 /* Debug */,
				480AB40F9196809C9E6EDDD6 /* Release */,
			);
			defaultConfigurationIsVisible = 0;
			defaultConfigurationName = "";
		};
/* End XCConfigurationList section */
	};
	rootObject = 9FFAF205360A4B99FA91C9ED /* Project object */;
}
